PODS:
  - CSStickyHeaderFlowLayout (0.2)
  - FMDB (2.3):
    - FMDB/standard
  - FMDB/common (2.3)
  - FMDB/standard (2.3):
    - FMDB/common

DEPENDENCIES:
  - CSStickyHeaderFlowLayout
  - FMDB

SPEC CHECKSUMS:
  CSStickyHeaderFlowLayout: b6530bc5f95d656b6963ddb6dd692c0f61890a98
  FMDB: 31ec26773c7f7b7890a6038235a1f2bbd933a7cb

COCOAPODS: 0.33.1
