// !$*UTF8*$!
{
	archiveVersion = 1;
	classes = {
	};
	objectVersion = 46;
	objects = {

/* Begin PBXBuildFile section */
		46B37C6D3E4F4AB6B2F1DEF1 /* libPods-GeoNoter.a in Frameworks */ = {isa = PBXBuildFile; fileRef = 8CC1445210864F9E8443C435 /* libPods-GeoNoter.a */; };
		94E98E8188294872A93EDB8B /* libPods-GeoNoterTests.a in Frameworks */ = {isa = PBXBuildFile; fileRef = 695E73CC422F4B3F83FAE6A8 /* libPods-GeoNoterTests.a */; };
		CD1B8AE01D1351BE00476BB6 /* GeoNoter WatchKit Extension.appex in Embed App Extensions */ = {isa = PBXBuildFile; fileRef = CD9FFD311AC41DF500D916BA /* GeoNoter WatchKit Extension.appex */; settings = {ATTRIBUTES = (RemoveHeadersOnCopy, ); }; };
		CD1B8AE31D1351BE00476BB6 /* GeoNoter WatchKit App.app in Embed Watch Content */ = {isa = PBXBuildFile; fileRef = CD9FFD3B1AC41DF500D916BA /* GeoNoter WatchKit App.app */; };
		CD1B8AE71D135A7400476BB6 /* PQGAppDelegate.swift in Sources */ = {isa = PBXBuildFile; fileRef = CD1B8AE61D135A7400476BB6 /* PQGAppDelegate.swift */; };
		CD3F275C19755536000091ED /* PQGImageSizerTests.swift in Sources */ = {isa = PBXBuildFile; fileRef = CD3F275B19755536000091ED /* PQGImageSizerTests.swift */; };
		CD3F275E19755570000091ED /* PQGDateJSONTests.swift in Sources */ = {isa = PBXBuildFile; fileRef = CD3F275D19755570000091ED /* PQGDateJSONTests.swift */; };
		CD4353E1198B7CC0009DBCAE /* PQGAttachment.swift in Sources */ = {isa = PBXBuildFile; fileRef = CD4353E0198B7CC0009DBCAE /* PQGAttachment.swift */; };
		CD4353E3198B904F009DBCAE /* PQGPoint.swift in Sources */ = {isa = PBXBuildFile; fileRef = CD4353E2198B904F009DBCAE /* PQGPoint.swift */; };
		CD4353EA198BB1DB009DBCAE /* PQGPersistStore.swift in Sources */ = {isa = PBXBuildFile; fileRef = CD4353E9198BB1DB009DBCAE /* PQGPersistStore.swift */; };
		CD45432319950CA200E29F06 /* PQGNSDateJSON.swift in Sources */ = {isa = PBXBuildFile; fileRef = CD4A4A8B198CEDD700BAC650 /* PQGNSDateJSON.swift */; };
		CD45432519950D3B00E29F06 /* PQGPersistStore.swift in Sources */ = {isa = PBXBuildFile; fileRef = CD4353E9198BB1DB009DBCAE /* PQGPersistStore.swift */; };
		CD4A4A8C198CEDD700BAC650 /* PQGNSDateJSON.swift in Sources */ = {isa = PBXBuildFile; fileRef = CD4A4A8B198CEDD700BAC650 /* PQGNSDateJSON.swift */; };
		CD4A4A8E198CEF8700BAC650 /* PQGUIImageContentsOfFileURL.swift in Sources */ = {isa = PBXBuildFile; fileRef = CD4A4A8D198CEF8700BAC650 /* PQGUIImageContentsOfFileURL.swift */; };
		CD515B501AC7B0FD00632062 /* GeoNoterCore.h in Headers */ = {isa = PBXBuildFile; fileRef = CD515B4F1AC7B0FD00632062 /* GeoNoterCore.h */; settings = {ATTRIBUTES = (Public, ); }; };
		CD515B561AC7B0FD00632062 /* GeoNoterCore.framework in Frameworks */ = {isa = PBXBuildFile; fileRef = CD515B4B1AC7B0FD00632062 /* GeoNoterCore.framework */; };
		CD515B5F1AC7B0FD00632062 /* GeoNoterCoreTests.swift in Sources */ = {isa = PBXBuildFile; fileRef = CD515B5E1AC7B0FD00632062 /* GeoNoterCoreTests.swift */; };
		CD515B621AC7B0FD00632062 /* GeoNoterCore.framework in Frameworks */ = {isa = PBXBuildFile; fileRef = CD515B4B1AC7B0FD00632062 /* GeoNoterCore.framework */; };
		CD515B631AC7B0FD00632062 /* GeoNoterCore.framework in Embed Frameworks */ = {isa = PBXBuildFile; fileRef = CD515B4B1AC7B0FD00632062 /* GeoNoterCore.framework */; settings = {ATTRIBUTES = (CodeSignOnCopy, RemoveHeadersOnCopy, ); }; };
		CD515B6C1AC7B13D00632062 /* LocationHelper.swift in Sources */ = {isa = PBXBuildFile; fileRef = CD515B6B1AC7B13D00632062 /* LocationHelper.swift */; };
		CD60DC2A19700D8B00E4E019 /* PQGPersistStore.m in Sources */ = {isa = PBXBuildFile; fileRef = CD60DC2919700D8B00E4E019 /* PQGPersistStore.m */; };
		CD60DC2D197012BE00E4E019 /* PQGPersistStoreTags.swift in Sources */ = {isa = PBXBuildFile; fileRef = CD60DC2C197012BE00E4E019 /* PQGPersistStoreTags.swift */; };
		CD6147F0197929B80023C142 /* PQGSettingsTableViewController.swift in Sources */ = {isa = PBXBuildFile; fileRef = CD6147EF197929B80023C142 /* PQGSettingsTableViewController.swift */; };
		CD6147F31979315E0023C142 /* Credits.html in Resources */ = {isa = PBXBuildFile; fileRef = CD6147F11979315E0023C142 /* Credits.html */; };
		CD6147F51979341C0023C142 /* PQGCreditsViewController.swift in Sources */ = {isa = PBXBuildFile; fileRef = CD6147F41979341C0023C142 /* PQGCreditsViewController.swift */; };
		CD65C9B919B4727300B47362 /* PQGAddPointViewController.swift in Sources */ = {isa = PBXBuildFile; fileRef = CD65C9B819B4727300B47362 /* PQGAddPointViewController.swift */; };
		CD65C9BB19B475BB00B47362 /* PQGAddPointTableViewController.swift in Sources */ = {isa = PBXBuildFile; fileRef = CD65C9BA19B475BB00B47362 /* PQGAddPointTableViewController.swift */; };
		CD6870AD198BE67500C20C35 /* PQGModelCache.swift in Sources */ = {isa = PBXBuildFile; fileRef = CD6870AC198BE67500C20C35 /* PQGModelCache.swift */; };
		CD6BAC931973F6B3008EBBAE /* PQGTagsViewController.swift in Sources */ = {isa = PBXBuildFile; fileRef = CD6BAC921973F6B3008EBBAE /* PQGTagsViewController.swift */; };
		CD6BAC961973F80E008EBBAE /* PQGTagsTableViewController.swift in Sources */ = {isa = PBXBuildFile; fileRef = CD6BAC951973F80E008EBBAE /* PQGTagsTableViewController.swift */; };
		CD6E3C6919466D30005067DE /* UIImageSizer.m in Sources */ = {isa = PBXBuildFile; fileRef = CD6E3C6819466D30005067DE /* UIImageSizer.m */; };
		CD6E3C9819466F1E005067DE /* libsqlite3.dylib in Frameworks */ = {isa = PBXBuildFile; fileRef = CD6E3C9719466F1E005067DE /* libsqlite3.dylib */; };
		CD6E3C9A19466F24005067DE /* CoreLocation.framework in Frameworks */ = {isa = PBXBuildFile; fileRef = CD6E3C9919466F24005067DE /* CoreLocation.framework */; };
		CD6E3C9C19466F2C005067DE /* QuartzCore.framework in Frameworks */ = {isa = PBXBuildFile; fileRef = CD6E3C9B19466F2C005067DE /* QuartzCore.framework */; };
		CD6E3CA019466F38005067DE /* AssetsLibrary.framework in Frameworks */ = {isa = PBXBuildFile; fileRef = CD6E3C9F19466F38005067DE /* AssetsLibrary.framework */; };
		CD6E3CA219466F3E005067DE /* MessageUI.framework in Frameworks */ = {isa = PBXBuildFile; fileRef = CD6E3CA119466F3E005067DE /* MessageUI.framework */; };
		CD73B2111948D00600C7D148 /* PQGPointDetailViewController.swift in Sources */ = {isa = PBXBuildFile; fileRef = CD73B2101948D00600C7D148 /* PQGPointDetailViewController.swift */; };
		CD73B2131948D29200C7D148 /* PQGPointDetailHeader.xib in Resources */ = {isa = PBXBuildFile; fileRef = CD73B2121948D29200C7D148 /* PQGPointDetailHeader.xib */; };
		CD73B2181948D34000C7D148 /* PQGCell.m in Sources */ = {isa = PBXBuildFile; fileRef = CD73B2161948D34000C7D148 /* PQGCell.m */; };
		CD73B21B1948D64F00C7D148 /* MapKit.framework in Frameworks */ = {isa = PBXBuildFile; fileRef = CD73B21A1948D64F00C7D148 /* MapKit.framework */; };
		CD83258F1AC77A3D00FD2458 /* AddFoursquareVenueController.swift in Sources */ = {isa = PBXBuildFile; fileRef = CD83258E1AC77A3D00FD2458 /* AddFoursquareVenueController.swift */; };
		CD8325911AC782DB00FD2458 /* AddFoursquareVenueContext.swift in Sources */ = {isa = PBXBuildFile; fileRef = CD8325901AC782DB00FD2458 /* AddFoursquareVenueContext.swift */; };
		CD8325931AC7A55A00FD2458 /* TagsController.swift in Sources */ = {isa = PBXBuildFile; fileRef = CD8325921AC7A55A00FD2458 /* TagsController.swift */; };
		CD84A4E21769F25400266526 /* Foundation.framework in Frameworks */ = {isa = PBXBuildFile; fileRef = CD84A4E11769F25400266526 /* Foundation.framework */; };
		CD84A4E41769F25400266526 /* CoreGraphics.framework in Frameworks */ = {isa = PBXBuildFile; fileRef = CD84A4E31769F25400266526 /* CoreGraphics.framework */; };
		CD84A4E61769F25400266526 /* UIKit.framework in Frameworks */ = {isa = PBXBuildFile; fileRef = CD84A4E51769F25400266526 /* UIKit.framework */; };
		CD84A4EC1769F25400266526 /* InfoPlist.strings in Resources */ = {isa = PBXBuildFile; fileRef = CD84A4EA1769F25400266526 /* InfoPlist.strings */; };
		CD84A4F51769F25400266526 /* Main.storyboard in Resources */ = {isa = PBXBuildFile; fileRef = CD84A4F31769F25400266526 /* Main.storyboard */; };
		CD84A4FD1769F25400266526 /* Images.xcassets in Resources */ = {isa = PBXBuildFile; fileRef = CD84A4FC1769F25400266526 /* Images.xcassets */; };
		CD84A5041769F25400266526 /* XCTest.framework in Frameworks */ = {isa = PBXBuildFile; fileRef = CD84A5031769F25400266526 /* XCTest.framework */; };
		CD84A5051769F25400266526 /* Foundation.framework in Frameworks */ = {isa = PBXBuildFile; fileRef = CD84A4E11769F25400266526 /* Foundation.framework */; };
		CD84A5061769F25400266526 /* UIKit.framework in Frameworks */ = {isa = PBXBuildFile; fileRef = CD84A4E51769F25400266526 /* UIKit.framework */; };
		CD84A50E1769F25400266526 /* InfoPlist.strings in Resources */ = {isa = PBXBuildFile; fileRef = CD84A50C1769F25400266526 /* InfoPlist.strings */; };
		CD8870E1199706CB00E45A63 /* PQGModelCacheTests.swift in Sources */ = {isa = PBXBuildFile; fileRef = CD8870E0199706CB00E45A63 /* PQGModelCacheTests.swift */; };
		CD8C375C1D135CFB0088B355 /* GeoNoterCore-watchos.h in Headers */ = {isa = PBXBuildFile; fileRef = CD8C375B1D135CFB0088B355 /* GeoNoterCore-watchos.h */; settings = {ATTRIBUTES = (Public, ); }; };
		CD8C37601D135CFB0088B355 /* GeoNoterCoreWatchOS.framework in Frameworks */ = {isa = PBXBuildFile; fileRef = CD8C37591D135CFB0088B355 /* GeoNoterCoreWatchOS.framework */; };
		CD8C37611D135CFB0088B355 /* GeoNoterCoreWatchOS.framework in Embed Frameworks */ = {isa = PBXBuildFile; fileRef = CD8C37591D135CFB0088B355 /* GeoNoterCoreWatchOS.framework */; settings = {ATTRIBUTES = (CodeSignOnCopy, RemoveHeadersOnCopy, ); }; };
		CD8C37661D135D300088B355 /* LocationHelper.swift in Sources */ = {isa = PBXBuildFile; fileRef = CD515B6B1AC7B13D00632062 /* LocationHelper.swift */; };
		CD9974601AC8D73A00547178 /* RecentPointsController.swift in Sources */ = {isa = PBXBuildFile; fileRef = CD99745F1AC8D73A00547178 /* RecentPointsController.swift */; };
		CD9974631AC8D7C700547178 /* WatchPoint.swift in Sources */ = {isa = PBXBuildFile; fileRef = CD9974621AC8D7C700547178 /* WatchPoint.swift */; };
		CD9FFD361AC41DF500D916BA /* InitialController.swift in Sources */ = {isa = PBXBuildFile; fileRef = CD9FFD351AC41DF500D916BA /* InitialController.swift */; };
		CD9FFD381AC41DF500D916BA /* Images.xcassets in Resources */ = {isa = PBXBuildFile; fileRef = CD9FFD371AC41DF500D916BA /* Images.xcassets */; };
		CD9FFD441AC41DF500D916BA /* Interface.storyboard in Resources */ = {isa = PBXBuildFile; fileRef = CD9FFD421AC41DF500D916BA /* Interface.storyboard */; };
		CD9FFD461AC41DF500D916BA /* Images.xcassets in Resources */ = {isa = PBXBuildFile; fileRef = CD9FFD451AC41DF500D916BA /* Images.xcassets */; };
		CD9FFD541AC42ABF00D916BA /* AddFoursquareController.swift in Sources */ = {isa = PBXBuildFile; fileRef = CD9FFD531AC42ABF00D916BA /* AddFoursquareController.swift */; };
		CD9FFD561AC42FD600D916BA /* AddFoursquareRow.swift in Sources */ = {isa = PBXBuildFile; fileRef = CD9FFD551AC42FD600D916BA /* AddFoursquareRow.swift */; };
		CDA79559196092ED00D0D34B /* PQGPointAddTagsTableViewController.swift in Sources */ = {isa = PBXBuildFile; fileRef = CDA79558196092ED00D0D34B /* PQGPointAddTagsTableViewController.swift */; };
		CDAB6AB71947C27100DF47E5 /* PQGPointsNavigationController.swift in Sources */ = {isa = PBXBuildFile; fileRef = CDAB6AB61947C27100DF47E5 /* PQGPointsNavigationController.swift */; };
		CDAB6ABB1947C6BF00DF47E5 /* PQGPointsViewController.swift in Sources */ = {isa = PBXBuildFile; fileRef = CDAB6ABA1947C6BF00DF47E5 /* PQGPointsViewController.swift */; };
		CDB5DA71198A5D3400A205B1 /* PQGModel.swift in Sources */ = {isa = PBXBuildFile; fileRef = CDB5DA70198A5D3400A205B1 /* PQGModel.swift */; };
		CDB5DA73198A748E00A205B1 /* PQGTag.swift in Sources */ = {isa = PBXBuildFile; fileRef = CDB5DA72198A748E00A205B1 /* PQGTag.swift */; };
		CDB689181AC56006005AC10B /* PQGFoursquareHelper.swift in Sources */ = {isa = PBXBuildFile; fileRef = CDB689171AC56006005AC10B /* PQGFoursquareHelper.swift */; };
		CDB80F04195F86520087863A /* PQGAttachmentViewController.swift in Sources */ = {isa = PBXBuildFile; fileRef = CDB80F03195F86520087863A /* PQGAttachmentViewController.swift */; };
		CDBB29151AC7BB2200B72C0D /* TagPointsController.swift in Sources */ = {isa = PBXBuildFile; fileRef = CDBB29141AC7BB2200B72C0D /* TagPointsController.swift */; };
		CDBB29171AC7C4C300B72C0D /* PointController.swift in Sources */ = {isa = PBXBuildFile; fileRef = CDBB29161AC7C4C300B72C0D /* PointController.swift */; };
		CDBE67BD19480D1C0096E1CF /* AddressBookUI.framework in Frameworks */ = {isa = PBXBuildFile; fileRef = CDBE67BC19480D1C0096E1CF /* AddressBookUI.framework */; };
		CDCD3BAA19793FB900DE6699 /* PQGDefaultNameTableViewController.swift in Sources */ = {isa = PBXBuildFile; fileRef = CDCD3BA919793FB900DE6699 /* PQGDefaultNameTableViewController.swift */; };
		CDF172FA1948D81C00CD351F /* PQGPointDetailHeader.m in Sources */ = {isa = PBXBuildFile; fileRef = CDF172F91948D81C00CD351F /* PQGPointDetailHeader.m */; };
		CDF89B381995101F006FD8A7 /* PQGModelCache.swift in Sources */ = {isa = PBXBuildFile; fileRef = CD6870AC198BE67500C20C35 /* PQGModelCache.swift */; };
		CDF89B3919951027006FD8A7 /* PQGPoint.swift in Sources */ = {isa = PBXBuildFile; fileRef = CD4353E2198B904F009DBCAE /* PQGPoint.swift */; };
		CDF89B3A1995102A006FD8A7 /* PQGAttachment.swift in Sources */ = {isa = PBXBuildFile; fileRef = CD4353E0198B7CC0009DBCAE /* PQGAttachment.swift */; };
		CDF89B3B1995102C006FD8A7 /* PQGTag.swift in Sources */ = {isa = PBXBuildFile; fileRef = CDB5DA72198A748E00A205B1 /* PQGTag.swift */; };
		CDF89B3C1995102F006FD8A7 /* PQGModel.swift in Sources */ = {isa = PBXBuildFile; fileRef = CDB5DA70198A5D3400A205B1 /* PQGModel.swift */; };
		CDFC159819C27E620080EC29 /* PQGMemoEditorViewController.swift in Sources */ = {isa = PBXBuildFile; fileRef = CDFC159719C27E620080EC29 /* PQGMemoEditorViewController.swift */; };
/* End PBXBuildFile section */

/* Begin PBXContainerItemProxy section */
		CD1B8ADE1D1351BE00476BB6 /* PBXContainerItemProxy */ = {
			isa = PBXContainerItemProxy;
			containerPortal = CD84A4D61769F25400266526 /* Project object */;
			proxyType = 1;
			remoteGlobalIDString = CD9FFD301AC41DF500D916BA;
			remoteInfo = "GeoNoter WatchKit Extension";
		};
		CD1B8AE11D1351BE00476BB6 /* PBXContainerItemProxy */ = {
			isa = PBXContainerItemProxy;
			containerPortal = CD84A4D61769F25400266526 /* Project object */;
			proxyType = 1;
			remoteGlobalIDString = CD9FFD3A1AC41DF500D916BA;
			remoteInfo = "GeoNoter WatchKit App";
		};
		CD515B571AC7B0FD00632062 /* PBXContainerItemProxy */ = {
			isa = PBXContainerItemProxy;
			containerPortal = CD84A4D61769F25400266526 /* Project object */;
			proxyType = 1;
			remoteGlobalIDString = CD515B4A1AC7B0FD00632062;
			remoteInfo = GeoNoterCore;
		};
		CD515B591AC7B0FD00632062 /* PBXContainerItemProxy */ = {
			isa = PBXContainerItemProxy;
			containerPortal = CD84A4D61769F25400266526 /* Project object */;
			proxyType = 1;
			remoteGlobalIDString = CD84A4DD1769F25400266526;
			remoteInfo = GeoNoter;
		};
		CD515B601AC7B0FD00632062 /* PBXContainerItemProxy */ = {
			isa = PBXContainerItemProxy;
			containerPortal = CD84A4D61769F25400266526 /* Project object */;
			proxyType = 1;
			remoteGlobalIDString = CD515B4A1AC7B0FD00632062;
			remoteInfo = GeoNoterCore;
		};
		CD84A5071769F25400266526 /* PBXContainerItemProxy */ = {
			isa = PBXContainerItemProxy;
			containerPortal = CD84A4D61769F25400266526 /* Project object */;
			proxyType = 1;
			remoteGlobalIDString = CD84A4DD1769F25400266526;
			remoteInfo = GeoNoter;
		};
		CD8C375E1D135CFB0088B355 /* PBXContainerItemProxy */ = {
			isa = PBXContainerItemProxy;
			containerPortal = CD84A4D61769F25400266526 /* Project object */;
			proxyType = 1;
			remoteGlobalIDString = CD8C37581D135CFB0088B355;
			remoteInfo = "GeoNoterCore-watchos";
		};
		CDD3FD62198FA52500C8E537 /* PBXContainerItemProxy */ = {
			isa = PBXContainerItemProxy;
			containerPortal = CD84A4D61769F25400266526 /* Project object */;
			proxyType = 1;
			remoteGlobalIDString = CD84A4DD1769F25400266526;
			remoteInfo = GeoNoter;
		};
		CDD3FD64198FA52500C8E537 /* PBXContainerItemProxy */ = {
			isa = PBXContainerItemProxy;
			containerPortal = CD84A4D61769F25400266526 /* Project object */;
			proxyType = 1;
			remoteGlobalIDString = CD84A4DD1769F25400266526;
			remoteInfo = GeoNoter;
		};
/* End PBXContainerItemProxy section */

/* Begin PBXCopyFilesBuildPhase section */
		CD1B8AE41D1351BE00476BB6 /* Embed App Extensions */ = {
			isa = PBXCopyFilesBuildPhase;
			buildActionMask = 2147483647;
			dstPath = "";
			dstSubfolderSpec = 13;
			files = (
				CD1B8AE01D1351BE00476BB6 /* GeoNoter WatchKit Extension.appex in Embed App Extensions */,
			);
			name = "Embed App Extensions";
			runOnlyForDeploymentPostprocessing = 0;
		};
		CD1B8AE51D1351BE00476BB6 /* Embed Watch Content */ = {
			isa = PBXCopyFilesBuildPhase;
			buildActionMask = 2147483647;
			dstPath = "$(CONTENTS_FOLDER_PATH)/Watch";
			dstSubfolderSpec = 16;
			files = (
				CD1B8AE31D1351BE00476BB6 /* GeoNoter WatchKit App.app in Embed Watch Content */,
			);
			name = "Embed Watch Content";
			runOnlyForDeploymentPostprocessing = 0;
		};
		CD515B691AC7B0FE00632062 /* Embed Frameworks */ = {
			isa = PBXCopyFilesBuildPhase;
			buildActionMask = 2147483647;
			dstPath = "";
			dstSubfolderSpec = 10;
			files = (
				CD515B631AC7B0FD00632062 /* GeoNoterCore.framework in Embed Frameworks */,
			);
			name = "Embed Frameworks";
			runOnlyForDeploymentPostprocessing = 0;
		};
		CD8C37651D135CFC0088B355 /* Embed Frameworks */ = {
			isa = PBXCopyFilesBuildPhase;
			buildActionMask = 2147483647;
			dstPath = "";
			dstSubfolderSpec = 10;
			files = (
				CD8C37611D135CFB0088B355 /* GeoNoterCoreWatchOS.framework in Embed Frameworks */,
			);
			name = "Embed Frameworks";
			runOnlyForDeploymentPostprocessing = 0;
		};
/* End PBXCopyFilesBuildPhase section */

/* Begin PBXFileReference section */
		58C6827265EE4DE0891CB7F1 /* Pods-GeoNoter.xcconfig */ = {isa = PBXFileReference; includeInIndex = 1; lastKnownFileType = text.xcconfig; name = "Pods-GeoNoter.xcconfig"; path = "Pods/Pods-GeoNoter.xcconfig"; sourceTree = "<group>"; };
		695E73CC422F4B3F83FAE6A8 /* libPods-GeoNoterTests.a */ = {isa = PBXFileReference; explicitFileType = archive.ar; includeInIndex = 0; path = "libPods-GeoNoterTests.a"; sourceTree = BUILT_PRODUCTS_DIR; };
		8CC1445210864F9E8443C435 /* libPods-GeoNoter.a */ = {isa = PBXFileReference; explicitFileType = archive.ar; includeInIndex = 0; path = "libPods-GeoNoter.a"; sourceTree = BUILT_PRODUCTS_DIR; };
		BF29F216D06A4AA1AE579C36 /* Pods-GeoNoterTests.xcconfig */ = {isa = PBXFileReference; includeInIndex = 1; lastKnownFileType = text.xcconfig; name = "Pods-GeoNoterTests.xcconfig"; path = "Pods/Pods-GeoNoterTests.xcconfig"; sourceTree = "<group>"; };
		CD1B8AE61D135A7400476BB6 /* PQGAppDelegate.swift */ = {isa = PBXFileReference; fileEncoding = 4; lastKnownFileType = sourcecode.swift; path = PQGAppDelegate.swift; sourceTree = "<group>"; };
		CD3F275B19755536000091ED /* PQGImageSizerTests.swift */ = {isa = PBXFileReference; fileEncoding = 4; lastKnownFileType = sourcecode.swift; path = PQGImageSizerTests.swift; sourceTree = "<group>"; };
		CD3F275D19755570000091ED /* PQGDateJSONTests.swift */ = {isa = PBXFileReference; fileEncoding = 4; lastKnownFileType = sourcecode.swift; path = PQGDateJSONTests.swift; sourceTree = "<group>"; };
		CD4353E0198B7CC0009DBCAE /* PQGAttachment.swift */ = {isa = PBXFileReference; fileEncoding = 4; lastKnownFileType = sourcecode.swift; name = PQGAttachment.swift; path = Models/PQGAttachment.swift; sourceTree = "<group>"; };
		CD4353E2198B904F009DBCAE /* PQGPoint.swift */ = {isa = PBXFileReference; fileEncoding = 4; lastKnownFileType = sourcecode.swift; name = PQGPoint.swift; path = Models/PQGPoint.swift; sourceTree = "<group>"; };
		CD4353E9198BB1DB009DBCAE /* PQGPersistStore.swift */ = {isa = PBXFileReference; fileEncoding = 4; lastKnownFileType = sourcecode.swift; name = PQGPersistStore.swift; path = Models/PQGPersistStore.swift; sourceTree = "<group>"; };
		CD4A4A8B198CEDD700BAC650 /* PQGNSDateJSON.swift */ = {isa = PBXFileReference; fileEncoding = 4; lastKnownFileType = sourcecode.swift; name = PQGNSDateJSON.swift; path = Categories/PQGNSDateJSON.swift; sourceTree = "<group>"; };
		CD4A4A8D198CEF8700BAC650 /* PQGUIImageContentsOfFileURL.swift */ = {isa = PBXFileReference; fileEncoding = 4; lastKnownFileType = sourcecode.swift; name = PQGUIImageContentsOfFileURL.swift; path = Categories/PQGUIImageContentsOfFileURL.swift; sourceTree = "<group>"; };
		CD515B4B1AC7B0FD00632062 /* GeoNoterCore.framework */ = {isa = PBXFileReference; explicitFileType = wrapper.framework; includeInIndex = 0; path = GeoNoterCore.framework; sourceTree = BUILT_PRODUCTS_DIR; };
		CD515B4E1AC7B0FD00632062 /* Info.plist */ = {isa = PBXFileReference; lastKnownFileType = text.plist.xml; path = Info.plist; sourceTree = "<group>"; };
		CD515B4F1AC7B0FD00632062 /* GeoNoterCore.h */ = {isa = PBXFileReference; lastKnownFileType = sourcecode.c.h; path = GeoNoterCore.h; sourceTree = "<group>"; };
		CD515B551AC7B0FD00632062 /* GeoNoterCoreTests.xctest */ = {isa = PBXFileReference; explicitFileType = wrapper.cfbundle; includeInIndex = 0; path = GeoNoterCoreTests.xctest; sourceTree = BUILT_PRODUCTS_DIR; };
		CD515B5D1AC7B0FD00632062 /* Info.plist */ = {isa = PBXFileReference; lastKnownFileType = text.plist.xml; path = Info.plist; sourceTree = "<group>"; };
		CD515B5E1AC7B0FD00632062 /* GeoNoterCoreTests.swift */ = {isa = PBXFileReference; lastKnownFileType = sourcecode.swift; path = GeoNoterCoreTests.swift; sourceTree = "<group>"; };
		CD515B6B1AC7B13D00632062 /* LocationHelper.swift */ = {isa = PBXFileReference; fileEncoding = 4; lastKnownFileType = sourcecode.swift; path = LocationHelper.swift; sourceTree = "<group>"; };
		CD60DC2919700D8B00E4E019 /* PQGPersistStore.m */ = {isa = PBXFileReference; fileEncoding = 4; lastKnownFileType = sourcecode.c.objc; path = PQGPersistStore.m; sourceTree = "<group>"; };
		CD60DC2B197012BE00E4E019 /* GeoNoterTests-Bridging-Header.h */ = {isa = PBXFileReference; lastKnownFileType = sourcecode.c.h; path = "GeoNoterTests-Bridging-Header.h"; sourceTree = "<group>"; };
		CD60DC2C197012BE00E4E019 /* PQGPersistStoreTags.swift */ = {isa = PBXFileReference; fileEncoding = 4; lastKnownFileType = sourcecode.swift; path = PQGPersistStoreTags.swift; sourceTree = "<group>"; };
		CD6147EF197929B80023C142 /* PQGSettingsTableViewController.swift */ = {isa = PBXFileReference; fileEncoding = 4; lastKnownFileType = sourcecode.swift; name = PQGSettingsTableViewController.swift; path = Views/Settings/PQGSettingsTableViewController.swift; sourceTree = "<group>"; };
		CD6147F21979315E0023C142 /* en */ = {isa = PBXFileReference; lastKnownFileType = text.html; name = en; path = en.lproj/Credits.html; sourceTree = "<group>"; };
		CD6147F41979341C0023C142 /* PQGCreditsViewController.swift */ = {isa = PBXFileReference; fileEncoding = 4; lastKnownFileType = sourcecode.swift; name = PQGCreditsViewController.swift; path = Views/Settings/PQGCreditsViewController.swift; sourceTree = "<group>"; };
		CD65C9B819B4727300B47362 /* PQGAddPointViewController.swift */ = {isa = PBXFileReference; fileEncoding = 4; lastKnownFileType = sourcecode.swift; name = PQGAddPointViewController.swift; path = Views/Points/PQGAddPointViewController.swift; sourceTree = "<group>"; };
		CD65C9BA19B475BB00B47362 /* PQGAddPointTableViewController.swift */ = {isa = PBXFileReference; fileEncoding = 4; lastKnownFileType = sourcecode.swift; name = PQGAddPointTableViewController.swift; path = Views/Points/PQGAddPointTableViewController.swift; sourceTree = "<group>"; };
		CD6870AC198BE67500C20C35 /* PQGModelCache.swift */ = {isa = PBXFileReference; fileEncoding = 4; lastKnownFileType = sourcecode.swift; name = PQGModelCache.swift; path = Models/PQGModelCache.swift; sourceTree = "<group>"; };
		CD6BAC921973F6B3008EBBAE /* PQGTagsViewController.swift */ = {isa = PBXFileReference; fileEncoding = 4; lastKnownFileType = sourcecode.swift; name = PQGTagsViewController.swift; path = Views/Tags/PQGTagsViewController.swift; sourceTree = "<group>"; };
		CD6BAC951973F80E008EBBAE /* PQGTagsTableViewController.swift */ = {isa = PBXFileReference; fileEncoding = 4; lastKnownFileType = sourcecode.swift; name = PQGTagsTableViewController.swift; path = Views/Tags/PQGTagsTableViewController.swift; sourceTree = "<group>"; };
		CD6E3C6719466D30005067DE /* UIImageSizer.h */ = {isa = PBXFileReference; fileEncoding = 4; lastKnownFileType = sourcecode.c.h; path = UIImageSizer.h; sourceTree = "<group>"; };
		CD6E3C6819466D30005067DE /* UIImageSizer.m */ = {isa = PBXFileReference; fileEncoding = 4; lastKnownFileType = sourcecode.c.objc; path = UIImageSizer.m; sourceTree = "<group>"; };
		CD6E3C9719466F1E005067DE /* libsqlite3.dylib */ = {isa = PBXFileReference; lastKnownFileType = "compiled.mach-o.dylib"; name = libsqlite3.dylib; path = usr/lib/libsqlite3.dylib; sourceTree = SDKROOT; };
		CD6E3C9919466F24005067DE /* CoreLocation.framework */ = {isa = PBXFileReference; lastKnownFileType = wrapper.framework; name = CoreLocation.framework; path = System/Library/Frameworks/CoreLocation.framework; sourceTree = SDKROOT; };
		CD6E3C9B19466F2C005067DE /* QuartzCore.framework */ = {isa = PBXFileReference; lastKnownFileType = wrapper.framework; name = QuartzCore.framework; path = System/Library/Frameworks/QuartzCore.framework; sourceTree = SDKROOT; };
		CD6E3C9F19466F38005067DE /* AssetsLibrary.framework */ = {isa = PBXFileReference; lastKnownFileType = wrapper.framework; name = AssetsLibrary.framework; path = System/Library/Frameworks/AssetsLibrary.framework; sourceTree = SDKROOT; };
		CD6E3CA119466F3E005067DE /* MessageUI.framework */ = {isa = PBXFileReference; lastKnownFileType = wrapper.framework; name = MessageUI.framework; path = System/Library/Frameworks/MessageUI.framework; sourceTree = SDKROOT; };
		CD6E3CBC1947B37A005067DE /* GeoNoter-Bridging-Header.h */ = {isa = PBXFileReference; lastKnownFileType = sourcecode.c.h; path = "GeoNoter-Bridging-Header.h"; sourceTree = "<group>"; };
		CD73B2101948D00600C7D148 /* PQGPointDetailViewController.swift */ = {isa = PBXFileReference; fileEncoding = 4; lastKnownFileType = sourcecode.swift; name = PQGPointDetailViewController.swift; path = Views/Points/PQGPointDetailViewController.swift; sourceTree = "<group>"; };
		CD73B2121948D29200C7D148 /* PQGPointDetailHeader.xib */ = {isa = PBXFileReference; fileEncoding = 4; lastKnownFileType = file.xib; path = PQGPointDetailHeader.xib; sourceTree = "<group>"; };
		CD73B2151948D34000C7D148 /* PQGCell.h */ = {isa = PBXFileReference; fileEncoding = 4; lastKnownFileType = sourcecode.c.h; path = PQGCell.h; sourceTree = "<group>"; };
		CD73B2161948D34000C7D148 /* PQGCell.m */ = {isa = PBXFileReference; fileEncoding = 4; lastKnownFileType = sourcecode.c.objc; path = PQGCell.m; sourceTree = "<group>"; };
		CD73B21A1948D64F00C7D148 /* MapKit.framework */ = {isa = PBXFileReference; lastKnownFileType = wrapper.framework; name = MapKit.framework; path = System/Library/Frameworks/MapKit.framework; sourceTree = SDKROOT; };
		CD83258E1AC77A3D00FD2458 /* AddFoursquareVenueController.swift */ = {isa = PBXFileReference; fileEncoding = 4; lastKnownFileType = sourcecode.swift; path = AddFoursquareVenueController.swift; sourceTree = "<group>"; };
		CD8325901AC782DB00FD2458 /* AddFoursquareVenueContext.swift */ = {isa = PBXFileReference; fileEncoding = 4; lastKnownFileType = sourcecode.swift; path = AddFoursquareVenueContext.swift; sourceTree = "<group>"; };
		CD8325921AC7A55A00FD2458 /* TagsController.swift */ = {isa = PBXFileReference; fileEncoding = 4; lastKnownFileType = sourcecode.swift; path = TagsController.swift; sourceTree = "<group>"; };
		CD84A4DE1769F25400266526 /* GeoNoter.app */ = {isa = PBXFileReference; explicitFileType = wrapper.application; includeInIndex = 0; path = GeoNoter.app; sourceTree = BUILT_PRODUCTS_DIR; };
		CD84A4E11769F25400266526 /* Foundation.framework */ = {isa = PBXFileReference; lastKnownFileType = wrapper.framework; name = Foundation.framework; path = System/Library/Frameworks/Foundation.framework; sourceTree = SDKROOT; };
		CD84A4E31769F25400266526 /* CoreGraphics.framework */ = {isa = PBXFileReference; lastKnownFileType = wrapper.framework; name = CoreGraphics.framework; path = System/Library/Frameworks/CoreGraphics.framework; sourceTree = SDKROOT; };
		CD84A4E51769F25400266526 /* UIKit.framework */ = {isa = PBXFileReference; lastKnownFileType = wrapper.framework; name = UIKit.framework; path = System/Library/Frameworks/UIKit.framework; sourceTree = SDKROOT; };
		CD84A4E91769F25400266526 /* GeoNoter-Info.plist */ = {isa = PBXFileReference; lastKnownFileType = text.plist.xml; path = "GeoNoter-Info.plist"; sourceTree = "<group>"; };
		CD84A4EB1769F25400266526 /* en */ = {isa = PBXFileReference; lastKnownFileType = text.plist.strings; name = en; path = en.lproj/InfoPlist.strings; sourceTree = "<group>"; };
		CD84A4EF1769F25400266526 /* GeoNoter-Prefix.pch */ = {isa = PBXFileReference; lastKnownFileType = sourcecode.c.h; path = "GeoNoter-Prefix.pch"; sourceTree = "<group>"; };
		CD84A4F41769F25400266526 /* Base */ = {isa = PBXFileReference; lastKnownFileType = file.storyboard; name = Base; path = Base.lproj/Main.storyboard; sourceTree = "<group>"; };
		CD84A4FC1769F25400266526 /* Images.xcassets */ = {isa = PBXFileReference; lastKnownFileType = folder.assetcatalog; path = Images.xcassets; sourceTree = "<group>"; };
		CD84A5021769F25400266526 /* GeoNoterTests.xctest */ = {isa = PBXFileReference; explicitFileType = wrapper.cfbundle; includeInIndex = 0; path = GeoNoterTests.xctest; sourceTree = BUILT_PRODUCTS_DIR; };
		CD84A5031769F25400266526 /* XCTest.framework */ = {isa = PBXFileReference; lastKnownFileType = wrapper.framework; name = XCTest.framework; path = Library/Frameworks/XCTest.framework; sourceTree = DEVELOPER_DIR; };
		CD84A50B1769F25400266526 /* GeoNoterTests-Info.plist */ = {isa = PBXFileReference; lastKnownFileType = text.plist.xml; path = "GeoNoterTests-Info.plist"; sourceTree = "<group>"; };
		CD84A50D1769F25400266526 /* en */ = {isa = PBXFileReference; lastKnownFileType = text.plist.strings; name = en; path = en.lproj/InfoPlist.strings; sourceTree = "<group>"; };
		CD8870E0199706CB00E45A63 /* PQGModelCacheTests.swift */ = {isa = PBXFileReference; fileEncoding = 4; lastKnownFileType = sourcecode.swift; path = PQGModelCacheTests.swift; sourceTree = "<group>"; };
		CD8C37591D135CFB0088B355 /* GeoNoterCoreWatchOS.framework */ = {isa = PBXFileReference; explicitFileType = wrapper.framework; includeInIndex = 0; path = GeoNoterCoreWatchOS.framework; sourceTree = BUILT_PRODUCTS_DIR; };
		CD8C375B1D135CFB0088B355 /* GeoNoterCore-watchos.h */ = {isa = PBXFileReference; lastKnownFileType = sourcecode.c.h; path = "GeoNoterCore-watchos.h"; sourceTree = "<group>"; };
		CD8C375D1D135CFB0088B355 /* Info.plist */ = {isa = PBXFileReference; lastKnownFileType = text.plist.xml; path = Info.plist; sourceTree = "<group>"; };
		CD99745F1AC8D73A00547178 /* RecentPointsController.swift */ = {isa = PBXFileReference; fileEncoding = 4; lastKnownFileType = sourcecode.swift; path = RecentPointsController.swift; sourceTree = "<group>"; };
		CD9974621AC8D7C700547178 /* WatchPoint.swift */ = {isa = PBXFileReference; fileEncoding = 4; lastKnownFileType = sourcecode.swift; path = WatchPoint.swift; sourceTree = "<group>"; };
		CD9FFD311AC41DF500D916BA /* GeoNoter WatchKit Extension.appex */ = {isa = PBXFileReference; explicitFileType = "wrapper.app-extension"; includeInIndex = 0; path = "GeoNoter WatchKit Extension.appex"; sourceTree = BUILT_PRODUCTS_DIR; };
		CD9FFD341AC41DF500D916BA /* Info.plist */ = {isa = PBXFileReference; lastKnownFileType = text.plist.xml; path = Info.plist; sourceTree = "<group>"; };
		CD9FFD351AC41DF500D916BA /* InitialController.swift */ = {isa = PBXFileReference; lastKnownFileType = sourcecode.swift; path = InitialController.swift; sourceTree = "<group>"; };
		CD9FFD371AC41DF500D916BA /* Images.xcassets */ = {isa = PBXFileReference; lastKnownFileType = folder.assetcatalog; path = Images.xcassets; sourceTree = "<group>"; };
		CD9FFD3B1AC41DF500D916BA /* GeoNoter WatchKit App.app */ = {isa = PBXFileReference; explicitFileType = wrapper.application; includeInIndex = 0; path = "GeoNoter WatchKit App.app"; sourceTree = BUILT_PRODUCTS_DIR; };
		CD9FFD411AC41DF500D916BA /* Info.plist */ = {isa = PBXFileReference; lastKnownFileType = text.plist.xml; path = Info.plist; sourceTree = "<group>"; };
		CD9FFD431AC41DF500D916BA /* Base */ = {isa = PBXFileReference; lastKnownFileType = file.storyboard; name = Base; path = Base.lproj/Interface.storyboard; sourceTree = "<group>"; };
		CD9FFD451AC41DF500D916BA /* Images.xcassets */ = {isa = PBXFileReference; lastKnownFileType = folder.assetcatalog; path = Images.xcassets; sourceTree = "<group>"; };
		CD9FFD531AC42ABF00D916BA /* AddFoursquareController.swift */ = {isa = PBXFileReference; fileEncoding = 4; lastKnownFileType = sourcecode.swift; path = AddFoursquareController.swift; sourceTree = "<group>"; };
		CD9FFD551AC42FD600D916BA /* AddFoursquareRow.swift */ = {isa = PBXFileReference; fileEncoding = 4; lastKnownFileType = sourcecode.swift; path = AddFoursquareRow.swift; sourceTree = "<group>"; };
		CD9FFD571AC43CD700D916BA /* GeoNoter.entitlements */ = {isa = PBXFileReference; lastKnownFileType = text.xml; path = GeoNoter.entitlements; sourceTree = "<group>"; };
		CD9FFD581AC43EBF00D916BA /* GeoNoter WatchKit Extension.entitlements */ = {isa = PBXFileReference; lastKnownFileType = text.xml; path = "GeoNoter WatchKit Extension.entitlements"; sourceTree = "<group>"; };
		CDA79558196092ED00D0D34B /* PQGPointAddTagsTableViewController.swift */ = {isa = PBXFileReference; fileEncoding = 4; lastKnownFileType = sourcecode.swift; path = PQGPointAddTagsTableViewController.swift; sourceTree = "<group>"; };
		CDAB6AB61947C27100DF47E5 /* PQGPointsNavigationController.swift */ = {isa = PBXFileReference; fileEncoding = 4; lastKnownFileType = sourcecode.swift; name = PQGPointsNavigationController.swift; path = Views/Points/PQGPointsNavigationController.swift; sourceTree = "<group>"; };
		CDAB6ABA1947C6BF00DF47E5 /* PQGPointsViewController.swift */ = {isa = PBXFileReference; fileEncoding = 4; lastKnownFileType = sourcecode.swift; name = PQGPointsViewController.swift; path = Views/Points/PQGPointsViewController.swift; sourceTree = "<group>"; };
		CDB5DA70198A5D3400A205B1 /* PQGModel.swift */ = {isa = PBXFileReference; fileEncoding = 4; lastKnownFileType = sourcecode.swift; name = PQGModel.swift; path = Models/PQGModel.swift; sourceTree = "<group>"; };
		CDB5DA72198A748E00A205B1 /* PQGTag.swift */ = {isa = PBXFileReference; fileEncoding = 4; lastKnownFileType = sourcecode.swift; name = PQGTag.swift; path = Models/PQGTag.swift; sourceTree = "<group>"; };
		CDB689171AC56006005AC10B /* PQGFoursquareHelper.swift */ = {isa = PBXFileReference; fileEncoding = 4; lastKnownFileType = sourcecode.swift; path = PQGFoursquareHelper.swift; sourceTree = "<group>"; };
		CDB80F03195F86520087863A /* PQGAttachmentViewController.swift */ = {isa = PBXFileReference; fileEncoding = 4; lastKnownFileType = sourcecode.swift; path = PQGAttachmentViewController.swift; sourceTree = "<group>"; };
		CDBB29141AC7BB2200B72C0D /* TagPointsController.swift */ = {isa = PBXFileReference; fileEncoding = 4; lastKnownFileType = sourcecode.swift; path = TagPointsController.swift; sourceTree = "<group>"; };
		CDBB29161AC7C4C300B72C0D /* PointController.swift */ = {isa = PBXFileReference; fileEncoding = 4; lastKnownFileType = sourcecode.swift; path = PointController.swift; sourceTree = "<group>"; };
		CDBE67BC19480D1C0096E1CF /* AddressBookUI.framework */ = {isa = PBXFileReference; lastKnownFileType = wrapper.framework; name = AddressBookUI.framework; path = System/Library/Frameworks/AddressBookUI.framework; sourceTree = SDKROOT; };
		CDCD3BA919793FB900DE6699 /* PQGDefaultNameTableViewController.swift */ = {isa = PBXFileReference; fileEncoding = 4; lastKnownFileType = sourcecode.swift; name = PQGDefaultNameTableViewController.swift; path = Views/Settings/PQGDefaultNameTableViewController.swift; sourceTree = "<group>"; };
		CDF172F81948D81C00CD351F /* PQGPointDetailHeader.h */ = {isa = PBXFileReference; fileEncoding = 4; lastKnownFileType = sourcecode.c.h; name = PQGPointDetailHeader.h; path = Views/Points/PQGPointDetailHeader.h; sourceTree = "<group>"; };
		CDF172F91948D81C00CD351F /* PQGPointDetailHeader.m */ = {isa = PBXFileReference; fileEncoding = 4; lastKnownFileType = sourcecode.c.objc; name = PQGPointDetailHeader.m; path = Views/Points/PQGPointDetailHeader.m; sourceTree = "<group>"; };
		CDFC159719C27E620080EC29 /* PQGMemoEditorViewController.swift */ = {isa = PBXFileReference; fileEncoding = 4; lastKnownFileType = sourcecode.swift; name = PQGMemoEditorViewController.swift; path = Views/Points/PQGMemoEditorViewController.swift; sourceTree = "<group>"; };
/* End PBXFileReference section */

/* Begin PBXFrameworksBuildPhase section */
		CD515B471AC7B0FD00632062 /* Frameworks */ = {
			isa = PBXFrameworksBuildPhase;
			buildActionMask = 2147483647;
			files = (
			);
			runOnlyForDeploymentPostprocessing = 0;
		};
		CD515B521AC7B0FD00632062 /* Frameworks */ = {
			isa = PBXFrameworksBuildPhase;
			buildActionMask = 2147483647;
			files = (
				CD515B561AC7B0FD00632062 /* GeoNoterCore.framework in Frameworks */,
			);
			runOnlyForDeploymentPostprocessing = 0;
		};
		CD84A4DB1769F25400266526 /* Frameworks */ = {
			isa = PBXFrameworksBuildPhase;
			buildActionMask = 2147483647;
			files = (
				CD73B21B1948D64F00C7D148 /* MapKit.framework in Frameworks */,
				CDBE67BD19480D1C0096E1CF /* AddressBookUI.framework in Frameworks */,
				CD6E3CA219466F3E005067DE /* MessageUI.framework in Frameworks */,
				CD6E3CA019466F38005067DE /* AssetsLibrary.framework in Frameworks */,
				CD6E3C9C19466F2C005067DE /* QuartzCore.framework in Frameworks */,
				CD6E3C9A19466F24005067DE /* CoreLocation.framework in Frameworks */,
				CD515B621AC7B0FD00632062 /* GeoNoterCore.framework in Frameworks */,
				CD6E3C9819466F1E005067DE /* libsqlite3.dylib in Frameworks */,
				CD84A4E41769F25400266526 /* CoreGraphics.framework in Frameworks */,
				CD84A4E61769F25400266526 /* UIKit.framework in Frameworks */,
				CD84A4E21769F25400266526 /* Foundation.framework in Frameworks */,
				46B37C6D3E4F4AB6B2F1DEF1 /* libPods-GeoNoter.a in Frameworks */,
			);
			runOnlyForDeploymentPostprocessing = 0;
		};
		CD84A4FF1769F25400266526 /* Frameworks */ = {
			isa = PBXFrameworksBuildPhase;
			buildActionMask = 2147483647;
			files = (
				CD84A5041769F25400266526 /* XCTest.framework in Frameworks */,
				CD84A5061769F25400266526 /* UIKit.framework in Frameworks */,
				CD84A5051769F25400266526 /* Foundation.framework in Frameworks */,
				94E98E8188294872A93EDB8B /* libPods-GeoNoterTests.a in Frameworks */,
			);
			runOnlyForDeploymentPostprocessing = 0;
		};
		CD8C37551D135CFB0088B355 /* Frameworks */ = {
			isa = PBXFrameworksBuildPhase;
			buildActionMask = 2147483647;
			files = (
			);
			runOnlyForDeploymentPostprocessing = 0;
		};
		CD9FFD2E1AC41DF500D916BA /* Frameworks */ = {
			isa = PBXFrameworksBuildPhase;
			buildActionMask = 2147483647;
			files = (
				CD8C37601D135CFB0088B355 /* GeoNoterCoreWatchOS.framework in Frameworks */,
			);
			runOnlyForDeploymentPostprocessing = 0;
		};
/* End PBXFrameworksBuildPhase section */

/* Begin PBXGroup section */
		CD2780191998E4D60027901F /* Add */ = {
			isa = PBXGroup;
			children = (
				CD65C9B819B4727300B47362 /* PQGAddPointViewController.swift */,
				CD65C9BA19B475BB00B47362 /* PQGAddPointTableViewController.swift */,
			);
			name = Add;
			sourceTree = "<group>";
		};
		CD3F276119755588000091ED /* Categories */ = {
			isa = PBXGroup;
			children = (
				CD3F275B19755536000091ED /* PQGImageSizerTests.swift */,
				CD3F275D19755570000091ED /* PQGDateJSONTests.swift */,
			);
			name = Categories;
			sourceTree = "<group>";
		};
		CD3F276219755596000091ED /* Models */ = {
			isa = PBXGroup;
			children = (
				CD60DC2919700D8B00E4E019 /* PQGPersistStore.m */,
				CD60DC2C197012BE00E4E019 /* PQGPersistStoreTags.swift */,
				CD8870E0199706CB00E45A63 /* PQGModelCacheTests.swift */,
			);
			name = Models;
			sourceTree = "<group>";
		};
		CD515B4C1AC7B0FD00632062 /* GeoNoterCore */ = {
			isa = PBXGroup;
			children = (
				CD515B4F1AC7B0FD00632062 /* GeoNoterCore.h */,
				CD515B4D1AC7B0FD00632062 /* Supporting Files */,
				CD515B6B1AC7B13D00632062 /* LocationHelper.swift */,
			);
			path = GeoNoterCore;
			sourceTree = "<group>";
		};
		CD515B4D1AC7B0FD00632062 /* Supporting Files */ = {
			isa = PBXGroup;
			children = (
				CD515B4E1AC7B0FD00632062 /* Info.plist */,
			);
			name = "Supporting Files";
			sourceTree = "<group>";
		};
		CD515B5B1AC7B0FD00632062 /* GeoNoterCoreTests */ = {
			isa = PBXGroup;
			children = (
				CD515B5E1AC7B0FD00632062 /* GeoNoterCoreTests.swift */,
				CD515B5C1AC7B0FD00632062 /* Supporting Files */,
			);
			path = GeoNoterCoreTests;
			sourceTree = "<group>";
		};
		CD515B5C1AC7B0FD00632062 /* Supporting Files */ = {
			isa = PBXGroup;
			children = (
				CD515B5D1AC7B0FD00632062 /* Info.plist */,
			);
			name = "Supporting Files";
			sourceTree = "<group>";
		};
		CD6147EE197929690023C142 /* Settings */ = {
			isa = PBXGroup;
			children = (
				CD6147EF197929B80023C142 /* PQGSettingsTableViewController.swift */,
				CD6147F41979341C0023C142 /* PQGCreditsViewController.swift */,
				CDCD3BA919793FB900DE6699 /* PQGDefaultNameTableViewController.swift */,
			);
			name = Settings;
			sourceTree = "<group>";
		};
		CD6BAC911973F50C008EBBAE /* Tags */ = {
			isa = PBXGroup;
			children = (
				CD6BAC941973F7FA008EBBAE /* List */,
				CD6BAC921973F6B3008EBBAE /* PQGTagsViewController.swift */,
			);
			name = Tags;
			sourceTree = "<group>";
		};
		CD6BAC941973F7FA008EBBAE /* List */ = {
			isa = PBXGroup;
			children = (
				CD6BAC951973F80E008EBBAE /* PQGTagsTableViewController.swift */,
			);
			name = List;
			sourceTree = "<group>";
		};
		CD6E3C6019466A1D005067DE /* Categories */ = {
			isa = PBXGroup;
			children = (
				CD6E3C6719466D30005067DE /* UIImageSizer.h */,
				CD6E3C6819466D30005067DE /* UIImageSizer.m */,
				CD4A4A8B198CEDD700BAC650 /* PQGNSDateJSON.swift */,
				CD4A4A8D198CEF8700BAC650 /* PQGUIImageContentsOfFileURL.swift */,
			);
			name = Categories;
			sourceTree = "<group>";
		};
		CD6E3CAC19467E65005067DE /* Models */ = {
			isa = PBXGroup;
			children = (
				CD4353E9198BB1DB009DBCAE /* PQGPersistStore.swift */,
				CDB5DA70198A5D3400A205B1 /* PQGModel.swift */,
				CDB5DA72198A748E00A205B1 /* PQGTag.swift */,
				CD4353E0198B7CC0009DBCAE /* PQGAttachment.swift */,
				CD4353E2198B904F009DBCAE /* PQGPoint.swift */,
				CD6870AC198BE67500C20C35 /* PQGModelCache.swift */,
			);
			name = Models;
			sourceTree = "<group>";
		};
		CD73B20E1948CFC200C7D148 /* List */ = {
			isa = PBXGroup;
			children = (
				CDAB6ABA1947C6BF00DF47E5 /* PQGPointsViewController.swift */,
			);
			name = List;
			sourceTree = "<group>";
		};
		CD73B20F1948CFDF00C7D148 /* Detail */ = {
			isa = PBXGroup;
			children = (
				CDFC159619C27E510080EC29 /* Memo */,
				CD73B2101948D00600C7D148 /* PQGPointDetailViewController.swift */,
				CD73B2121948D29200C7D148 /* PQGPointDetailHeader.xib */,
				CDF172F81948D81C00CD351F /* PQGPointDetailHeader.h */,
				CDF172F91948D81C00CD351F /* PQGPointDetailHeader.m */,
				CDB80F02195F863D0087863A /* Attachment */,
				CDA795551960915F00D0D34B /* Tags */,
			);
			name = Detail;
			sourceTree = "<group>";
		};
		CD73B2141948D33500C7D148 /* Cell */ = {
			isa = PBXGroup;
			children = (
				CD73B2151948D34000C7D148 /* PQGCell.h */,
				CD73B2161948D34000C7D148 /* PQGCell.m */,
			);
			name = Cell;
			sourceTree = "<group>";
		};
		CD84A4D51769F25400266526 = {
			isa = PBXGroup;
			children = (
				CD84A4E71769F25400266526 /* GeoNoter */,
				CD84A5091769F25400266526 /* GeoNoterTests */,
				CD9FFD321AC41DF500D916BA /* GeoNoter WatchKit Extension */,
				CD9FFD3F1AC41DF500D916BA /* GeoNoter WatchKit App */,
				CD515B4C1AC7B0FD00632062 /* GeoNoterCore */,
				CD515B5B1AC7B0FD00632062 /* GeoNoterCoreTests */,
				CD8C375A1D135CFB0088B355 /* GeoNoterCore-watchos */,
				CD84A4E01769F25400266526 /* Frameworks */,
				CD84A4DF1769F25400266526 /* Products */,
				58C6827265EE4DE0891CB7F1 /* Pods-GeoNoter.xcconfig */,
				BF29F216D06A4AA1AE579C36 /* Pods-GeoNoterTests.xcconfig */,
			);
			sourceTree = "<group>";
		};
		CD84A4DF1769F25400266526 /* Products */ = {
			isa = PBXGroup;
			children = (
				CD84A4DE1769F25400266526 /* GeoNoter.app */,
				CD84A5021769F25400266526 /* GeoNoterTests.xctest */,
				CD9FFD311AC41DF500D916BA /* GeoNoter WatchKit Extension.appex */,
				CD9FFD3B1AC41DF500D916BA /* GeoNoter WatchKit App.app */,
				CD515B4B1AC7B0FD00632062 /* GeoNoterCore.framework */,
				CD515B551AC7B0FD00632062 /* GeoNoterCoreTests.xctest */,
				CD8C37591D135CFB0088B355 /* GeoNoterCoreWatchOS.framework */,
			);
			name = Products;
			sourceTree = "<group>";
		};
		CD84A4E01769F25400266526 /* Frameworks */ = {
			isa = PBXGroup;
			children = (
				CD73B21A1948D64F00C7D148 /* MapKit.framework */,
				CDBE67BC19480D1C0096E1CF /* AddressBookUI.framework */,
				CD6E3CA119466F3E005067DE /* MessageUI.framework */,
				CD6E3C9F19466F38005067DE /* AssetsLibrary.framework */,
				CD6E3C9B19466F2C005067DE /* QuartzCore.framework */,
				CD6E3C9919466F24005067DE /* CoreLocation.framework */,
				CD6E3C9719466F1E005067DE /* libsqlite3.dylib */,
				CD84A4E11769F25400266526 /* Foundation.framework */,
				CD84A4E31769F25400266526 /* CoreGraphics.framework */,
				CD84A4E51769F25400266526 /* UIKit.framework */,
				CD84A5031769F25400266526 /* XCTest.framework */,
				8CC1445210864F9E8443C435 /* libPods-GeoNoter.a */,
				695E73CC422F4B3F83FAE6A8 /* libPods-GeoNoterTests.a */,
			);
			name = Frameworks;
			sourceTree = "<group>";
		};
		CD84A4E71769F25400266526 /* GeoNoter */ = {
			isa = PBXGroup;
			children = (
				CD9FFD571AC43CD700D916BA /* GeoNoter.entitlements */,
				CD84A4F31769F25400266526 /* Main.storyboard */,
				CD84A4FC1769F25400266526 /* Images.xcassets */,
				CD6E3C6019466A1D005067DE /* Categories */,
				CD6E3CAC19467E65005067DE /* Models */,
				CDAB6AB21947C0BA00DF47E5 /* Views */,
				CD84A4E81769F25400266526 /* Supporting Files */,
				CDB689171AC56006005AC10B /* PQGFoursquareHelper.swift */,
				CD1B8AE61D135A7400476BB6 /* PQGAppDelegate.swift */,
			);
			path = GeoNoter;
			sourceTree = "<group>";
		};
		CD84A4E81769F25400266526 /* Supporting Files */ = {
			isa = PBXGroup;
			children = (
				CD6E3CBC1947B37A005067DE /* GeoNoter-Bridging-Header.h */,
				CD84A4E91769F25400266526 /* GeoNoter-Info.plist */,
				CD84A4EA1769F25400266526 /* InfoPlist.strings */,
				CD84A4EF1769F25400266526 /* GeoNoter-Prefix.pch */,
				CD6147F11979315E0023C142 /* Credits.html */,
			);
			name = "Supporting Files";
			sourceTree = "<group>";
		};
		CD84A5091769F25400266526 /* GeoNoterTests */ = {
			isa = PBXGroup;
			children = (
				CD3F276119755588000091ED /* Categories */,
				CD3F276219755596000091ED /* Models */,
				CD84A50A1769F25400266526 /* Supporting Files */,
				CD60DC2B197012BE00E4E019 /* GeoNoterTests-Bridging-Header.h */,
			);
			path = GeoNoterTests;
			sourceTree = "<group>";
		};
		CD84A50A1769F25400266526 /* Supporting Files */ = {
			isa = PBXGroup;
			children = (
				CD84A50B1769F25400266526 /* GeoNoterTests-Info.plist */,
				CD84A50C1769F25400266526 /* InfoPlist.strings */,
			);
			name = "Supporting Files";
			sourceTree = "<group>";
		};
		CD8C375A1D135CFB0088B355 /* GeoNoterCore-watchos */ = {
			isa = PBXGroup;
			children = (
				CD8C375B1D135CFB0088B355 /* GeoNoterCore-watchos.h */,
				CD8C375D1D135CFB0088B355 /* Info.plist */,
			);
			path = "GeoNoterCore-watchos";
			sourceTree = "<group>";
		};
		CD9974611AC8D7BA00547178 /* Model */ = {
			isa = PBXGroup;
			children = (
				CD9974621AC8D7C700547178 /* WatchPoint.swift */,
			);
			name = Model;
			sourceTree = "<group>";
		};
		CD9FFD321AC41DF500D916BA /* GeoNoter WatchKit Extension */ = {
			isa = PBXGroup;
			children = (
				CD9974611AC8D7BA00547178 /* Model */,
				CD9FFD581AC43EBF00D916BA /* GeoNoter WatchKit Extension.entitlements */,
				CD9FFD371AC41DF500D916BA /* Images.xcassets */,
				CD9FFD331AC41DF500D916BA /* Supporting Files */,
				CD9FFD351AC41DF500D916BA /* InitialController.swift */,
				CD9FFD531AC42ABF00D916BA /* AddFoursquareController.swift */,
				CD9FFD551AC42FD600D916BA /* AddFoursquareRow.swift */,
				CD83258E1AC77A3D00FD2458 /* AddFoursquareVenueController.swift */,
				CD8325901AC782DB00FD2458 /* AddFoursquareVenueContext.swift */,
				CD8325921AC7A55A00FD2458 /* TagsController.swift */,
				CDBB29141AC7BB2200B72C0D /* TagPointsController.swift */,
				CDBB29161AC7C4C300B72C0D /* PointController.swift */,
				CD99745F1AC8D73A00547178 /* RecentPointsController.swift */,
			);
			path = "GeoNoter WatchKit Extension";
			sourceTree = "<group>";
		};
		CD9FFD331AC41DF500D916BA /* Supporting Files */ = {
			isa = PBXGroup;
			children = (
				CD9FFD341AC41DF500D916BA /* Info.plist */,
			);
			name = "Supporting Files";
			sourceTree = "<group>";
		};
		CD9FFD3F1AC41DF500D916BA /* GeoNoter WatchKit App */ = {
			isa = PBXGroup;
			children = (
				CD9FFD421AC41DF500D916BA /* Interface.storyboard */,
				CD9FFD451AC41DF500D916BA /* Images.xcassets */,
				CD9FFD401AC41DF500D916BA /* Supporting Files */,
			);
			path = "GeoNoter WatchKit App";
			sourceTree = "<group>";
		};
		CD9FFD401AC41DF500D916BA /* Supporting Files */ = {
			isa = PBXGroup;
			children = (
				CD9FFD411AC41DF500D916BA /* Info.plist */,
			);
			name = "Supporting Files";
			sourceTree = "<group>";
		};
		CDA795551960915F00D0D34B /* Tags */ = {
			isa = PBXGroup;
			children = (
				CDA79558196092ED00D0D34B /* PQGPointAddTagsTableViewController.swift */,
			);
			name = Tags;
			sourceTree = "<group>";
		};
		CDAB6AB21947C0BA00DF47E5 /* Views */ = {
			isa = PBXGroup;
			children = (
				CD73B2141948D33500C7D148 /* Cell */,
				CDAB6AB31947C22800DF47E5 /* Points */,
				CD6BAC911973F50C008EBBAE /* Tags */,
				CD6147EE197929690023C142 /* Settings */,
			);
			name = Views;
			sourceTree = "<group>";
		};
		CDAB6AB31947C22800DF47E5 /* Points */ = {
			isa = PBXGroup;
			children = (
				CD2780191998E4D60027901F /* Add */,
				CDAB6AB61947C27100DF47E5 /* PQGPointsNavigationController.swift */,
				CD73B20E1948CFC200C7D148 /* List */,
				CD73B20F1948CFDF00C7D148 /* Detail */,
			);
			name = Points;
			sourceTree = "<group>";
		};
		CDB80F02195F863D0087863A /* Attachment */ = {
			isa = PBXGroup;
			children = (
				CDB80F03195F86520087863A /* PQGAttachmentViewController.swift */,
			);
			name = Attachment;
			sourceTree = "<group>";
		};
		CDFC159619C27E510080EC29 /* Memo */ = {
			isa = PBXGroup;
			children = (
				CDFC159719C27E620080EC29 /* PQGMemoEditorViewController.swift */,
			);
			name = Memo;
			sourceTree = "<group>";
		};
/* End PBXGroup section */

/* Begin PBXHeadersBuildPhase section */
		CD515B481AC7B0FD00632062 /* Headers */ = {
			isa = PBXHeadersBuildPhase;
			buildActionMask = 2147483647;
			files = (
				CD515B501AC7B0FD00632062 /* GeoNoterCore.h in Headers */,
			);
			runOnlyForDeploymentPostprocessing = 0;
		};
		CD8C37561D135CFB0088B355 /* Headers */ = {
			isa = PBXHeadersBuildPhase;
			buildActionMask = 2147483647;
			files = (
				CD8C375C1D135CFB0088B355 /* GeoNoterCore-watchos.h in Headers */,
			);
			runOnlyForDeploymentPostprocessing = 0;
		};
/* End PBXHeadersBuildPhase section */

/* Begin PBXNativeTarget section */
		CD515B4A1AC7B0FD00632062 /* GeoNoterCore */ = {
			isa = PBXNativeTarget;
			buildConfigurationList = CD515B681AC7B0FE00632062 /* Build configuration list for PBXNativeTarget "GeoNoterCore" */;
			buildPhases = (
				CD515B461AC7B0FD00632062 /* Sources */,
				CD515B471AC7B0FD00632062 /* Frameworks */,
				CD515B481AC7B0FD00632062 /* Headers */,
				CD515B491AC7B0FD00632062 /* Resources */,
			);
			buildRules = (
			);
			dependencies = (
			);
			name = GeoNoterCore;
			productName = GeoNoterCore;
			productReference = CD515B4B1AC7B0FD00632062 /* GeoNoterCore.framework */;
			productType = "com.apple.product-type.framework";
		};
		CD515B541AC7B0FD00632062 /* GeoNoterCoreTests */ = {
			isa = PBXNativeTarget;
			buildConfigurationList = CD515B6A1AC7B0FE00632062 /* Build configuration list for PBXNativeTarget "GeoNoterCoreTests" */;
			buildPhases = (
				CD515B511AC7B0FD00632062 /* Sources */,
				CD515B521AC7B0FD00632062 /* Frameworks */,
				CD515B531AC7B0FD00632062 /* Resources */,
			);
			buildRules = (
			);
			dependencies = (
				CD515B581AC7B0FD00632062 /* PBXTargetDependency */,
				CD515B5A1AC7B0FD00632062 /* PBXTargetDependency */,
			);
			name = GeoNoterCoreTests;
			productName = GeoNoterCoreTests;
			productReference = CD515B551AC7B0FD00632062 /* GeoNoterCoreTests.xctest */;
			productType = "com.apple.product-type.bundle.unit-test";
		};
		CD84A4DD1769F25400266526 /* GeoNoter */ = {
			isa = PBXNativeTarget;
			buildConfigurationList = CD84A5131769F25400266526 /* Build configuration list for PBXNativeTarget "GeoNoter" */;
			buildPhases = (
				8F199EB9B82C4A59BAE71132 /* Check Pods Manifest.lock */,
				CD84A4DA1769F25400266526 /* Sources */,
				CD84A4DB1769F25400266526 /* Frameworks */,
				CD84A4DC1769F25400266526 /* Resources */,
				6DED8ADF426D4323B1F47B6A /* Copy Pods Resources */,
				CD515B691AC7B0FE00632062 /* Embed Frameworks */,
				CD1B8AE51D1351BE00476BB6 /* Embed Watch Content */,
			);
			buildRules = (
			);
			dependencies = (
				CD515B611AC7B0FD00632062 /* PBXTargetDependency */,
				CD1B8AE21D1351BE00476BB6 /* PBXTargetDependency */,
			);
			name = GeoNoter;
			productName = GeoNoter;
			productReference = CD84A4DE1769F25400266526 /* GeoNoter.app */;
			productType = "com.apple.product-type.application";
		};
		CD84A5011769F25400266526 /* GeoNoterTests */ = {
			isa = PBXNativeTarget;
			buildConfigurationList = CD84A5161769F25400266526 /* Build configuration list for PBXNativeTarget "GeoNoterTests" */;
			buildPhases = (
				9996844B21CC465B9F6A55E9 /* Check Pods Manifest.lock */,
				CD84A4FE1769F25400266526 /* Sources */,
				CD84A4FF1769F25400266526 /* Frameworks */,
				CD84A5001769F25400266526 /* Resources */,
				0341145C33C546F094C6A044 /* Copy Pods Resources */,
			);
			buildRules = (
			);
			dependencies = (
				CD84A5081769F25400266526 /* PBXTargetDependency */,
				CDD3FD63198FA52500C8E537 /* PBXTargetDependency */,
				CDD3FD65198FA52500C8E537 /* PBXTargetDependency */,
			);
			name = GeoNoterTests;
			productName = GeoNoterTests;
			productReference = CD84A5021769F25400266526 /* GeoNoterTests.xctest */;
			productType = "com.apple.product-type.bundle.unit-test";
		};
		CD8C37581D135CFB0088B355 /* GeoNoterCore-watchos */ = {
			isa = PBXNativeTarget;
			buildConfigurationList = CD8C37621D135CFC0088B355 /* Build configuration list for PBXNativeTarget "GeoNoterCore-watchos" */;
			buildPhases = (
				CD8C37541D135CFB0088B355 /* Sources */,
				CD8C37551D135CFB0088B355 /* Frameworks */,
				CD8C37561D135CFB0088B355 /* Headers */,
				CD8C37571D135CFB0088B355 /* Resources */,
			);
			buildRules = (
			);
			dependencies = (
			);
			name = "GeoNoterCore-watchos";
			productName = "GeoNoterCore-watchos";
			productReference = CD8C37591D135CFB0088B355 /* GeoNoterCoreWatchOS.framework */;
			productType = "com.apple.product-type.framework";
		};
		CD9FFD301AC41DF500D916BA /* GeoNoter WatchKit Extension */ = {
			isa = PBXNativeTarget;
			buildConfigurationList = CD9FFD4F1AC41DF500D916BA /* Build configuration list for PBXNativeTarget "GeoNoter WatchKit Extension" */;
			buildPhases = (
				CD9FFD2D1AC41DF500D916BA /* Sources */,
				CD9FFD2E1AC41DF500D916BA /* Frameworks */,
				CD9FFD2F1AC41DF500D916BA /* Resources */,
				CD8C37651D135CFC0088B355 /* Embed Frameworks */,
			);
			buildRules = (
			);
			dependencies = (
				CD8C375F1D135CFB0088B355 /* PBXTargetDependency */,
			);
			name = "GeoNoter WatchKit Extension";
			productName = "GeoNoter WatchKit Extension";
			productReference = CD9FFD311AC41DF500D916BA /* GeoNoter WatchKit Extension.appex */;
			productType = "com.apple.product-type.watchkit2-extension";
		};
		CD9FFD3A1AC41DF500D916BA /* GeoNoter WatchKit App */ = {
			isa = PBXNativeTarget;
			buildConfigurationList = CD9FFD4E1AC41DF500D916BA /* Build configuration list for PBXNativeTarget "GeoNoter WatchKit App" */;
			buildPhases = (
				CD9FFD391AC41DF500D916BA /* Resources */,
				CD1B8AE41D1351BE00476BB6 /* Embed App Extensions */,
			);
			buildRules = (
			);
			dependencies = (
				CD1B8ADF1D1351BE00476BB6 /* PBXTargetDependency */,
			);
			name = "GeoNoter WatchKit App";
			productName = "GeoNoter WatchKit App";
			productReference = CD9FFD3B1AC41DF500D916BA /* GeoNoter WatchKit App.app */;
			productType = "com.apple.product-type.application.watchapp2";
		};
/* End PBXNativeTarget section */

/* Begin PBXProject section */
		CD84A4D61769F25400266526 /* Project object */ = {
			isa = PBXProject;
			attributes = {
				CLASSPREFIX = PQG;
				LastSwiftUpdateCheck = 0700;
				LastUpgradeCheck = 0800;
				ORGANIZATIONNAME = "Patrick Quinn-Graham";
				TargetAttributes = {
					CD515B4A1AC7B0FD00632062 = {
						CreatedOnToolsVersion = 6.2;
						DevelopmentTeam = WA4JA55S9R;
						LastSwiftMigration = 0800;
					};
					CD515B541AC7B0FD00632062 = {
						CreatedOnToolsVersion = 6.2;
						LastSwiftMigration = 0800;
						TestTargetID = CD84A4DD1769F25400266526;
					};
					CD84A4DD1769F25400266526 = {
						DevelopmentTeam = WA4JA55S9R;
						LastSwiftMigration = 0800;
						SystemCapabilities = {
							com.apple.ApplicationGroups.iOS = {
								enabled = 1;
							};
							com.apple.iOS = {
								enabled = 0;
							};
						};
					};
					CD84A5011769F25400266526 = {
						LastSwiftMigration = 0800;
						TestTargetID = CD84A4DD1769F25400266526;
					};
					CD8C37581D135CFB0088B355 = {
						CreatedOnToolsVersion = 8.0;
						DevelopmentTeam = WA4JA55S9R;
						DevelopmentTeamName = "Patrick Quinn-Graham";
						ProvisioningStyle = Automatic;
					};
					CD9FFD301AC41DF500D916BA = {
						CreatedOnToolsVersion = 6.2;
						DevelopmentTeam = WA4JA55S9R;
						LastSwiftMigration = 0800;
						SystemCapabilities = {
							com.apple.ApplicationGroups.iOS = {
								enabled = 1;
							};
						};
					};
					CD9FFD3A1AC41DF500D916BA = {
						CreatedOnToolsVersion = 6.2;
						DevelopmentTeam = WA4JA55S9R;
					};
				};
			};
			buildConfigurationList = CD84A4D91769F25400266526 /* Build configuration list for PBXProject "GeoNoter" */;
			compatibilityVersion = "Xcode 3.2";
			developmentRegion = English;
			hasScannedForEncodings = 0;
			knownRegions = (
				en,
				Base,
			);
			mainGroup = CD84A4D51769F25400266526;
			productRefGroup = CD84A4DF1769F25400266526 /* Products */;
			projectDirPath = "";
			projectRoot = "";
			targets = (
				CD84A4DD1769F25400266526 /* GeoNoter */,
				CD84A5011769F25400266526 /* GeoNoterTests */,
				CD9FFD301AC41DF500D916BA /* GeoNoter WatchKit Extension */,
				CD9FFD3A1AC41DF500D916BA /* GeoNoter WatchKit App */,
				CD515B4A1AC7B0FD00632062 /* GeoNoterCore */,
				CD515B541AC7B0FD00632062 /* GeoNoterCoreTests */,
				CD8C37581D135CFB0088B355 /* GeoNoterCore-watchos */,
			);
		};
/* End PBXProject section */

/* Begin PBXResourcesBuildPhase section */
		CD515B491AC7B0FD00632062 /* Resources */ = {
			isa = PBXResourcesBuildPhase;
			buildActionMask = 2147483647;
			files = (
			);
			runOnlyForDeploymentPostprocessing = 0;
		};
		CD515B531AC7B0FD00632062 /* Resources */ = {
			isa = PBXResourcesBuildPhase;
			buildActionMask = 2147483647;
			files = (
			);
			runOnlyForDeploymentPostprocessing = 0;
		};
		CD84A4DC1769F25400266526 /* Resources */ = {
			isa = PBXResourcesBuildPhase;
			buildActionMask = 2147483647;
			files = (
				CD84A4FD1769F25400266526 /* Images.xcassets in Resources */,
				CD73B2131948D29200C7D148 /* PQGPointDetailHeader.xib in Resources */,
				CD84A4EC1769F25400266526 /* InfoPlist.strings in Resources */,
				CD84A4F51769F25400266526 /* Main.storyboard in Resources */,
				CD6147F31979315E0023C142 /* Credits.html in Resources */,
			);
			runOnlyForDeploymentPostprocessing = 0;
		};
		CD84A5001769F25400266526 /* Resources */ = {
			isa = PBXResourcesBuildPhase;
			buildActionMask = 2147483647;
			files = (
				CD84A50E1769F25400266526 /* InfoPlist.strings in Resources */,
			);
			runOnlyForDeploymentPostprocessing = 0;
		};
		CD8C37571D135CFB0088B355 /* Resources */ = {
			isa = PBXResourcesBuildPhase;
			buildActionMask = 2147483647;
			files = (
			);
			runOnlyForDeploymentPostprocessing = 0;
		};
		CD9FFD2F1AC41DF500D916BA /* Resources */ = {
			isa = PBXResourcesBuildPhase;
			buildActionMask = 2147483647;
			files = (
				CD9FFD381AC41DF500D916BA /* Images.xcassets in Resources */,
			);
			runOnlyForDeploymentPostprocessing = 0;
		};
		CD9FFD391AC41DF500D916BA /* Resources */ = {
			isa = PBXResourcesBuildPhase;
			buildActionMask = 2147483647;
			files = (
				CD9FFD441AC41DF500D916BA /* Interface.storyboard in Resources */,
				CD9FFD461AC41DF500D916BA /* Images.xcassets in Resources */,
			);
			runOnlyForDeploymentPostprocessing = 0;
		};
/* End PBXResourcesBuildPhase section */

/* Begin PBXShellScriptBuildPhase section */
		0341145C33C546F094C6A044 /* Copy Pods Resources */ = {
			isa = PBXShellScriptBuildPhase;
			buildActionMask = 2147483647;
			files = (
			);
			inputPaths = (
			);
			name = "Copy Pods Resources";
			outputPaths = (
			);
			runOnlyForDeploymentPostprocessing = 0;
			shellPath = /bin/sh;
			shellScript = "\"${SRCROOT}/Pods/Pods-GeoNoterTests-resources.sh\"\n";
			showEnvVarsInLog = 0;
		};
		6DED8ADF426D4323B1F47B6A /* Copy Pods Resources */ = {
			isa = PBXShellScriptBuildPhase;
			buildActionMask = 2147483647;
			files = (
			);
			inputPaths = (
			);
			name = "Copy Pods Resources";
			outputPaths = (
			);
			runOnlyForDeploymentPostprocessing = 0;
			shellPath = /bin/sh;
			shellScript = "\"${SRCROOT}/Pods/Pods-GeoNoter-resources.sh\"\n";
			showEnvVarsInLog = 0;
		};
		8F199EB9B82C4A59BAE71132 /* Check Pods Manifest.lock */ = {
			isa = PBXShellScriptBuildPhase;
			buildActionMask = 2147483647;
			files = (
			);
			inputPaths = (
			);
			name = "Check Pods Manifest.lock";
			outputPaths = (
			);
			runOnlyForDeploymentPostprocessing = 0;
			shellPath = /bin/sh;
			shellScript = "diff \"${PODS_ROOT}/../Podfile.lock\" \"${PODS_ROOT}/Manifest.lock\" > /dev/null\nif [[ $? != 0 ]] ; then\n    cat << EOM\nerror: The sandbox is not in sync with the Podfile.lock. Run 'pod install' or update your CocoaPods installation.\nEOM\n    exit 1\nfi\n";
			showEnvVarsInLog = 0;
		};
		9996844B21CC465B9F6A55E9 /* Check Pods Manifest.lock */ = {
			isa = PBXShellScriptBuildPhase;
			buildActionMask = 2147483647;
			files = (
			);
			inputPaths = (
			);
			name = "Check Pods Manifest.lock";
			outputPaths = (
			);
			runOnlyForDeploymentPostprocessing = 0;
			shellPath = /bin/sh;
			shellScript = "diff \"${PODS_ROOT}/../Podfile.lock\" \"${PODS_ROOT}/Manifest.lock\" > /dev/null\nif [[ $? != 0 ]] ; then\n    cat << EOM\nerror: The sandbox is not in sync with the Podfile.lock. Run 'pod install' or update your CocoaPods installation.\nEOM\n    exit 1\nfi\n";
			showEnvVarsInLog = 0;
		};
/* End PBXShellScriptBuildPhase section */

/* Begin PBXSourcesBuildPhase section */
		CD515B461AC7B0FD00632062 /* Sources */ = {
			isa = PBXSourcesBuildPhase;
			buildActionMask = 2147483647;
			files = (
				CD515B6C1AC7B13D00632062 /* LocationHelper.swift in Sources */,
			);
			runOnlyForDeploymentPostprocessing = 0;
		};
		CD515B511AC7B0FD00632062 /* Sources */ = {
			isa = PBXSourcesBuildPhase;
			buildActionMask = 2147483647;
			files = (
				CD515B5F1AC7B0FD00632062 /* GeoNoterCoreTests.swift in Sources */,
			);
			runOnlyForDeploymentPostprocessing = 0;
		};
		CD84A4DA1769F25400266526 /* Sources */ = {
			isa = PBXSourcesBuildPhase;
			buildActionMask = 2147483647;
			files = (
				CD4A4A8E198CEF8700BAC650 /* PQGUIImageContentsOfFileURL.swift in Sources */,
				CD4353E3198B904F009DBCAE /* PQGPoint.swift in Sources */,
				CD4353EA198BB1DB009DBCAE /* PQGPersistStore.swift in Sources */,
				CDCD3BAA19793FB900DE6699 /* PQGDefaultNameTableViewController.swift in Sources */,
				CD65C9BB19B475BB00B47362 /* PQGAddPointTableViewController.swift in Sources */,
				CDB80F04195F86520087863A /* PQGAttachmentViewController.swift in Sources */,
				CDB5DA71198A5D3400A205B1 /* PQGModel.swift in Sources */,
				CD73B2181948D34000C7D148 /* PQGCell.m in Sources */,
				CDA79559196092ED00D0D34B /* PQGPointAddTagsTableViewController.swift in Sources */,
				CD6E3C6919466D30005067DE /* UIImageSizer.m in Sources */,
				CDB689181AC56006005AC10B /* PQGFoursquareHelper.swift in Sources */,
				CDFC159819C27E620080EC29 /* PQGMemoEditorViewController.swift in Sources */,
				CD6147F51979341C0023C142 /* PQGCreditsViewController.swift in Sources */,
				CDAB6AB71947C27100DF47E5 /* PQGPointsNavigationController.swift in Sources */,
				CD6870AD198BE67500C20C35 /* PQGModelCache.swift in Sources */,
				CD6BAC961973F80E008EBBAE /* PQGTagsTableViewController.swift in Sources */,
				CD4353E1198B7CC0009DBCAE /* PQGAttachment.swift in Sources */,
				CD6147F0197929B80023C142 /* PQGSettingsTableViewController.swift in Sources */,
				CD1B8AE71D135A7400476BB6 /* PQGAppDelegate.swift in Sources */,
				CD4A4A8C198CEDD700BAC650 /* PQGNSDateJSON.swift in Sources */,
				CD6BAC931973F6B3008EBBAE /* PQGTagsViewController.swift in Sources */,
				CDAB6ABB1947C6BF00DF47E5 /* PQGPointsViewController.swift in Sources */,
				CD73B2111948D00600C7D148 /* PQGPointDetailViewController.swift in Sources */,
				CDF172FA1948D81C00CD351F /* PQGPointDetailHeader.m in Sources */,
				CD65C9B919B4727300B47362 /* PQGAddPointViewController.swift in Sources */,
				CDB5DA73198A748E00A205B1 /* PQGTag.swift in Sources */,
			);
			runOnlyForDeploymentPostprocessing = 0;
		};
		CD84A4FE1769F25400266526 /* Sources */ = {
			isa = PBXSourcesBuildPhase;
			buildActionMask = 2147483647;
			files = (
				CD3F275E19755570000091ED /* PQGDateJSONTests.swift in Sources */,
				CD45432319950CA200E29F06 /* PQGNSDateJSON.swift in Sources */,
				CDF89B3A1995102A006FD8A7 /* PQGAttachment.swift in Sources */,
				CD3F275C19755536000091ED /* PQGImageSizerTests.swift in Sources */,
				CDF89B3919951027006FD8A7 /* PQGPoint.swift in Sources */,
				CDF89B381995101F006FD8A7 /* PQGModelCache.swift in Sources */,
				CD60DC2D197012BE00E4E019 /* PQGPersistStoreTags.swift in Sources */,
				CDF89B3C1995102F006FD8A7 /* PQGModel.swift in Sources */,
				CD8870E1199706CB00E45A63 /* PQGModelCacheTests.swift in Sources */,
				CD60DC2A19700D8B00E4E019 /* PQGPersistStore.m in Sources */,
				CD45432519950D3B00E29F06 /* PQGPersistStore.swift in Sources */,
				CDF89B3B1995102C006FD8A7 /* PQGTag.swift in Sources */,
			);
			runOnlyForDeploymentPostprocessing = 0;
		};
		CD8C37541D135CFB0088B355 /* Sources */ = {
			isa = PBXSourcesBuildPhase;
			buildActionMask = 2147483647;
			files = (
				CD8C37661D135D300088B355 /* LocationHelper.swift in Sources */,
			);
			runOnlyForDeploymentPostprocessing = 0;
		};
		CD9FFD2D1AC41DF500D916BA /* Sources */ = {
			isa = PBXSourcesBuildPhase;
			buildActionMask = 2147483647;
			files = (
				CD9974631AC8D7C700547178 /* WatchPoint.swift in Sources */,
				CD9FFD361AC41DF500D916BA /* InitialController.swift in Sources */,
				CD8325931AC7A55A00FD2458 /* TagsController.swift in Sources */,
				CD8325911AC782DB00FD2458 /* AddFoursquareVenueContext.swift in Sources */,
				CD9FFD541AC42ABF00D916BA /* AddFoursquareController.swift in Sources */,
				CD83258F1AC77A3D00FD2458 /* AddFoursquareVenueController.swift in Sources */,
				CDBB29151AC7BB2200B72C0D /* TagPointsController.swift in Sources */,
				CDBB29171AC7C4C300B72C0D /* PointController.swift in Sources */,
				CD9974601AC8D73A00547178 /* RecentPointsController.swift in Sources */,
				CD9FFD561AC42FD600D916BA /* AddFoursquareRow.swift in Sources */,
			);
			runOnlyForDeploymentPostprocessing = 0;
		};
/* End PBXSourcesBuildPhase section */

/* Begin PBXTargetDependency section */
		CD1B8ADF1D1351BE00476BB6 /* PBXTargetDependency */ = {
			isa = PBXTargetDependency;
			target = CD9FFD301AC41DF500D916BA /* GeoNoter WatchKit Extension */;
			targetProxy = CD1B8ADE1D1351BE00476BB6 /* PBXContainerItemProxy */;
		};
		CD1B8AE21D1351BE00476BB6 /* PBXTargetDependency */ = {
			isa = PBXTargetDependency;
			target = CD9FFD3A1AC41DF500D916BA /* GeoNoter WatchKit App */;
			targetProxy = CD1B8AE11D1351BE00476BB6 /* PBXContainerItemProxy */;
		};
		CD515B581AC7B0FD00632062 /* PBXTargetDependency */ = {
			isa = PBXTargetDependency;
			target = CD515B4A1AC7B0FD00632062 /* GeoNoterCore */;
			targetProxy = CD515B571AC7B0FD00632062 /* PBXContainerItemProxy */;
		};
		CD515B5A1AC7B0FD00632062 /* PBXTargetDependency */ = {
			isa = PBXTargetDependency;
			target = CD84A4DD1769F25400266526 /* GeoNoter */;
			targetProxy = CD515B591AC7B0FD00632062 /* PBXContainerItemProxy */;
		};
		CD515B611AC7B0FD00632062 /* PBXTargetDependency */ = {
			isa = PBXTargetDependency;
			target = CD515B4A1AC7B0FD00632062 /* GeoNoterCore */;
			targetProxy = CD515B601AC7B0FD00632062 /* PBXContainerItemProxy */;
		};
		CD84A5081769F25400266526 /* PBXTargetDependency */ = {
			isa = PBXTargetDependency;
			target = CD84A4DD1769F25400266526 /* GeoNoter */;
			targetProxy = CD84A5071769F25400266526 /* PBXContainerItemProxy */;
		};
		CD8C375F1D135CFB0088B355 /* PBXTargetDependency */ = {
			isa = PBXTargetDependency;
			target = CD8C37581D135CFB0088B355 /* GeoNoterCore-watchos */;
			targetProxy = CD8C375E1D135CFB0088B355 /* PBXContainerItemProxy */;
		};
		CDD3FD63198FA52500C8E537 /* PBXTargetDependency */ = {
			isa = PBXTargetDependency;
			target = CD84A4DD1769F25400266526 /* GeoNoter */;
			targetProxy = CDD3FD62198FA52500C8E537 /* PBXContainerItemProxy */;
		};
		CDD3FD65198FA52500C8E537 /* PBXTargetDependency */ = {
			isa = PBXTargetDependency;
			target = CD84A4DD1769F25400266526 /* GeoNoter */;
			targetProxy = CDD3FD64198FA52500C8E537 /* PBXContainerItemProxy */;
		};
/* End PBXTargetDependency section */

/* Begin PBXVariantGroup section */
		CD6147F11979315E0023C142 /* Credits.html */ = {
			isa = PBXVariantGroup;
			children = (
				CD6147F21979315E0023C142 /* en */,
			);
			name = Credits.html;
			sourceTree = "<group>";
		};
		CD84A4EA1769F25400266526 /* InfoPlist.strings */ = {
			isa = PBXVariantGroup;
			children = (
				CD84A4EB1769F25400266526 /* en */,
			);
			name = InfoPlist.strings;
			sourceTree = "<group>";
		};
		CD84A4F31769F25400266526 /* Main.storyboard */ = {
			isa = PBXVariantGroup;
			children = (
				CD84A4F41769F25400266526 /* Base */,
			);
			name = Main.storyboard;
			sourceTree = "<group>";
		};
		CD84A50C1769F25400266526 /* InfoPlist.strings */ = {
			isa = PBXVariantGroup;
			children = (
				CD84A50D1769F25400266526 /* en */,
			);
			name = InfoPlist.strings;
			sourceTree = "<group>";
		};
		CD9FFD421AC41DF500D916BA /* Interface.storyboard */ = {
			isa = PBXVariantGroup;
			children = (
				CD9FFD431AC41DF500D916BA /* Base */,
			);
			name = Interface.storyboard;
			sourceTree = "<group>";
		};
/* End PBXVariantGroup section */

/* Begin XCBuildConfiguration section */
		CD515B641AC7B0FE00632062 /* Debug */ = {
			isa = XCBuildConfiguration;
			buildSettings = {
				APPLICATION_EXTENSION_API_ONLY = YES;
				CLANG_ENABLE_MODULES = YES;
				CLANG_WARN_UNREACHABLE_CODE = YES;
				CODE_SIGN_IDENTITY = "iPhone Developer";
				"CODE_SIGN_IDENTITY[sdk=iphoneos*]" = "iPhone Developer";
				CURRENT_PROJECT_VERSION = 1;
				DEFINES_MODULE = YES;
				DYLIB_COMPATIBILITY_VERSION = 1;
				DYLIB_CURRENT_VERSION = 1;
				DYLIB_INSTALL_NAME_BASE = "@rpath";
				ENABLE_STRICT_OBJC_MSGSEND = YES;
				GCC_PREPROCESSOR_DEFINITIONS = (
					"DEBUG=1",
					"$(inherited)",
				);
				GCC_WARN_64_TO_32_BIT_CONVERSION = YES;
				GCC_WARN_UNINITIALIZED_AUTOS = YES_AGGRESSIVE;
				INFOPLIST_FILE = GeoNoterCore/Info.plist;
				INSTALL_PATH = "$(LOCAL_LIBRARY_DIR)/Frameworks";
				IPHONEOS_DEPLOYMENT_TARGET = 10;
				LD_RUNPATH_SEARCH_PATHS = "$(inherited) @executable_path/Frameworks @loader_path/Frameworks";
				MTL_ENABLE_DEBUG_INFO = YES;
				PRODUCT_BUNDLE_IDENTIFIER = "io.thepatrick.$(PRODUCT_NAME:rfc1034identifier)";
				PRODUCT_NAME = "$(TARGET_NAME)";
				SKIP_INSTALL = YES;
				SUPPORTED_PLATFORMS = "iphonesimulator iphoneos";
				SWIFT_OPTIMIZATION_LEVEL = "-Onone";
				SWIFT_VERSION = 3.0;
				TARGETED_DEVICE_FAMILY = "1,2";
				VERSIONING_SYSTEM = "apple-generic";
				VERSION_INFO_PREFIX = "";
			};
			name = Debug;
		};
		CD515B651AC7B0FE00632062 /* Release */ = {
			isa = XCBuildConfiguration;
			buildSettings = {
				APPLICATION_EXTENSION_API_ONLY = YES;
				CLANG_ENABLE_MODULES = YES;
				CLANG_WARN_UNREACHABLE_CODE = YES;
				CODE_SIGN_IDENTITY = "iPhone Developer";
				"CODE_SIGN_IDENTITY[sdk=iphoneos*]" = "iPhone Developer";
				COPY_PHASE_STRIP = NO;
				CURRENT_PROJECT_VERSION = 1;
				DEFINES_MODULE = YES;
				DYLIB_COMPATIBILITY_VERSION = 1;
				DYLIB_CURRENT_VERSION = 1;
				DYLIB_INSTALL_NAME_BASE = "@rpath";
				ENABLE_STRICT_OBJC_MSGSEND = YES;
				GCC_WARN_64_TO_32_BIT_CONVERSION = YES;
				GCC_WARN_UNINITIALIZED_AUTOS = YES_AGGRESSIVE;
				INFOPLIST_FILE = GeoNoterCore/Info.plist;
				INSTALL_PATH = "$(LOCAL_LIBRARY_DIR)/Frameworks";
				IPHONEOS_DEPLOYMENT_TARGET = 10;
				LD_RUNPATH_SEARCH_PATHS = "$(inherited) @executable_path/Frameworks @loader_path/Frameworks";
				MTL_ENABLE_DEBUG_INFO = NO;
				PRODUCT_BUNDLE_IDENTIFIER = "io.thepatrick.$(PRODUCT_NAME:rfc1034identifier)";
				PRODUCT_NAME = "$(TARGET_NAME)";
				SKIP_INSTALL = YES;
				SUPPORTED_PLATFORMS = "iphonesimulator iphoneos";
				SWIFT_OPTIMIZATION_LEVEL = "-Owholemodule";
				SWIFT_VERSION = 3.0;
				TARGETED_DEVICE_FAMILY = "1,2";
				VERSIONING_SYSTEM = "apple-generic";
				VERSION_INFO_PREFIX = "";
			};
			name = Release;
		};
		CD515B661AC7B0FE00632062 /* Debug */ = {
			isa = XCBuildConfiguration;
			buildSettings = {
				CLANG_WARN_UNREACHABLE_CODE = YES;
				ENABLE_STRICT_OBJC_MSGSEND = YES;
				FRAMEWORK_SEARCH_PATHS = (
					"$(SDKROOT)/Developer/Library/Frameworks",
					"$(inherited)",
				);
				GCC_PREPROCESSOR_DEFINITIONS = (
					"DEBUG=1",
					"$(inherited)",
				);
				GCC_WARN_64_TO_32_BIT_CONVERSION = YES;
				GCC_WARN_UNINITIALIZED_AUTOS = YES_AGGRESSIVE;
				INFOPLIST_FILE = GeoNoterCoreTests/Info.plist;
				IPHONEOS_DEPLOYMENT_TARGET = 8.2;
				LD_RUNPATH_SEARCH_PATHS = "$(inherited) @executable_path/Frameworks @loader_path/Frameworks";
				MTL_ENABLE_DEBUG_INFO = YES;
				PRODUCT_BUNDLE_IDENTIFIER = "io.thepatrick.$(PRODUCT_NAME:rfc1034identifier)";
				PRODUCT_NAME = "$(TARGET_NAME)";
				SWIFT_VERSION = 3.0;
				TEST_HOST = "$(BUILT_PRODUCTS_DIR)/GeoNoter.app/GeoNoter";
			};
			name = Debug;
		};
		CD515B671AC7B0FE00632062 /* Release */ = {
			isa = XCBuildConfiguration;
			buildSettings = {
				CLANG_WARN_UNREACHABLE_CODE = YES;
				COPY_PHASE_STRIP = NO;
				ENABLE_STRICT_OBJC_MSGSEND = YES;
				FRAMEWORK_SEARCH_PATHS = (
					"$(SDKROOT)/Developer/Library/Frameworks",
					"$(inherited)",
				);
				GCC_WARN_64_TO_32_BIT_CONVERSION = YES;
				GCC_WARN_UNINITIALIZED_AUTOS = YES_AGGRESSIVE;
				INFOPLIST_FILE = GeoNoterCoreTests/Info.plist;
				IPHONEOS_DEPLOYMENT_TARGET = 8.2;
				LD_RUNPATH_SEARCH_PATHS = "$(inherited) @executable_path/Frameworks @loader_path/Frameworks";
				MTL_ENABLE_DEBUG_INFO = NO;
				PRODUCT_BUNDLE_IDENTIFIER = "io.thepatrick.$(PRODUCT_NAME:rfc1034identifier)";
				PRODUCT_NAME = "$(TARGET_NAME)";
				SWIFT_OPTIMIZATION_LEVEL = "-Owholemodule";
				SWIFT_VERSION = 3.0;
				TEST_HOST = "$(BUILT_PRODUCTS_DIR)/GeoNoter.app/GeoNoter";
			};
			name = Release;
		};
		CD84A5111769F25400266526 /* Debug */ = {
			isa = XCBuildConfiguration;
			buildSettings = {
				ALWAYS_SEARCH_USER_PATHS = NO;
				CLANG_CXX_LANGUAGE_STANDARD = "gnu++0x";
				CLANG_CXX_LIBRARY = "libc++";
				CLANG_ENABLE_MODULES = YES;
				CLANG_ENABLE_OBJC_ARC = YES;
				CLANG_WARN_BOOL_CONVERSION = YES;
				CLANG_WARN_CONSTANT_CONVERSION = YES;
				CLANG_WARN_DIRECT_OBJC_ISA_USAGE = YES_ERROR;
				CLANG_WARN_EMPTY_BODY = YES;
				CLANG_WARN_ENUM_CONVERSION = YES;
				CLANG_WARN_INT_CONVERSION = YES;
				CLANG_WARN_OBJC_ROOT_CLASS = YES_ERROR;
				CLANG_WARN_UNREACHABLE_CODE = YES;
				CLANG_WARN__DUPLICATE_METHOD_MATCH = YES;
				"CODE_SIGN_IDENTITY[sdk=iphoneos*]" = "iPhone Developer";
				COPY_PHASE_STRIP = NO;
				ENABLE_STRICT_OBJC_MSGSEND = YES;
				ENABLE_TESTABILITY = YES;
				GCC_C_LANGUAGE_STANDARD = gnu99;
				GCC_DYNAMIC_NO_PIC = NO;
				GCC_NO_COMMON_BLOCKS = YES;
				GCC_OPTIMIZATION_LEVEL = 0;
				GCC_PREPROCESSOR_DEFINITIONS = (
					"DEBUG=1",
					"$(inherited)",
				);
				GCC_SYMBOLS_PRIVATE_EXTERN = NO;
				GCC_WARN_64_TO_32_BIT_CONVERSION = YES;
				GCC_WARN_ABOUT_RETURN_TYPE = YES_ERROR;
				GCC_WARN_UNDECLARED_SELECTOR = YES;
				GCC_WARN_UNINITIALIZED_AUTOS = YES;
				GCC_WARN_UNUSED_FUNCTION = YES;
				GCC_WARN_UNUSED_VARIABLE = YES;
				IPHONEOS_DEPLOYMENT_TARGET = 10.0;
				ONLY_ACTIVE_ARCH = YES;
				SDKROOT = iphoneos;
			};
			name = Debug;
		};
		CD84A5121769F25400266526 /* Release */ = {
			isa = XCBuildConfiguration;
			buildSettings = {
				ALWAYS_SEARCH_USER_PATHS = NO;
				CLANG_CXX_LANGUAGE_STANDARD = "gnu++0x";
				CLANG_CXX_LIBRARY = "libc++";
				CLANG_ENABLE_MODULES = YES;
				CLANG_ENABLE_OBJC_ARC = YES;
				CLANG_WARN_BOOL_CONVERSION = YES;
				CLANG_WARN_CONSTANT_CONVERSION = YES;
				CLANG_WARN_DIRECT_OBJC_ISA_USAGE = YES_ERROR;
				CLANG_WARN_EMPTY_BODY = YES;
				CLANG_WARN_ENUM_CONVERSION = YES;
				CLANG_WARN_INT_CONVERSION = YES;
				CLANG_WARN_OBJC_ROOT_CLASS = YES_ERROR;
				CLANG_WARN_UNREACHABLE_CODE = YES;
				CLANG_WARN__DUPLICATE_METHOD_MATCH = YES;
				"CODE_SIGN_IDENTITY[sdk=iphoneos*]" = "iPhone Developer";
				COPY_PHASE_STRIP = YES;
				ENABLE_NS_ASSERTIONS = NO;
				ENABLE_STRICT_OBJC_MSGSEND = YES;
				GCC_C_LANGUAGE_STANDARD = gnu99;
				GCC_NO_COMMON_BLOCKS = YES;
				GCC_WARN_64_TO_32_BIT_CONVERSION = YES;
				GCC_WARN_ABOUT_RETURN_TYPE = YES_ERROR;
				GCC_WARN_UNDECLARED_SELECTOR = YES;
				GCC_WARN_UNINITIALIZED_AUTOS = YES;
				GCC_WARN_UNUSED_FUNCTION = YES;
				GCC_WARN_UNUSED_VARIABLE = YES;
				IPHONEOS_DEPLOYMENT_TARGET = 10.0;
				SDKROOT = iphoneos;
				VALIDATE_PRODUCT = YES;
			};
			name = Release;
		};
		CD84A5141769F25400266526 /* Debug */ = {
			isa = XCBuildConfiguration;
			baseConfigurationReference = 58C6827265EE4DE0891CB7F1 /* Pods-GeoNoter.xcconfig */;
			buildSettings = {
				ALWAYS_EMBED_SWIFT_STANDARD_LIBRARIES = YES;
				ASSETCATALOG_COMPILER_APPICON_NAME = AppIcon;
				ASSETCATALOG_COMPILER_LAUNCHIMAGE_NAME = LaunchImage;
				CLANG_ENABLE_MODULES = YES;
				CODE_SIGN_ENTITLEMENTS = GeoNoter/GeoNoter.entitlements;
				CODE_SIGN_IDENTITY = "iPhone Developer";
				"CODE_SIGN_IDENTITY[sdk=iphoneos*]" = "iPhone Developer";
				DEFINES_MODULE = YES;
				GCC_PRECOMPILE_PREFIX_HEADER = YES;
				GCC_PREFIX_HEADER = "GeoNoter/GeoNoter-Prefix.pch";
				INFOPLIST_FILE = "GeoNoter/GeoNoter-Info.plist";
				IPHONEOS_DEPLOYMENT_TARGET = 10.0;
				LD_RUNPATH_SEARCH_PATHS = "$(inherited) @executable_path/Frameworks";
				PRODUCT_BUNDLE_IDENTIFIER = io.thepatrick.GeoNoter2;
				PRODUCT_MODULE_NAME = GeoNoter;
				PRODUCT_NAME = "$(TARGET_NAME)";
				PROVISIONING_PROFILE = "";
				SWIFT_OBJC_BRIDGING_HEADER = "GeoNoter/GeoNoter-Bridging-Header.h";
				SWIFT_OPTIMIZATION_LEVEL = "-Onone";
				SWIFT_VERSION = 3.0;
				WRAPPER_EXTENSION = app;
			};
			name = Debug;
		};
		CD84A5151769F25400266526 /* Release */ = {
			isa = XCBuildConfiguration;
			baseConfigurationReference = 58C6827265EE4DE0891CB7F1 /* Pods-GeoNoter.xcconfig */;
			buildSettings = {
				ALWAYS_EMBED_SWIFT_STANDARD_LIBRARIES = YES;
				ASSETCATALOG_COMPILER_APPICON_NAME = AppIcon;
				ASSETCATALOG_COMPILER_LAUNCHIMAGE_NAME = LaunchImage;
				CLANG_ENABLE_MODULES = YES;
				CODE_SIGN_ENTITLEMENTS = GeoNoter/GeoNoter.entitlements;
				CODE_SIGN_IDENTITY = "iPhone Developer";
				"CODE_SIGN_IDENTITY[sdk=iphoneos*]" = "iPhone Developer";
				DEFINES_MODULE = YES;
				GCC_PRECOMPILE_PREFIX_HEADER = YES;
				GCC_PREFIX_HEADER = "GeoNoter/GeoNoter-Prefix.pch";
				INFOPLIST_FILE = "GeoNoter/GeoNoter-Info.plist";
				IPHONEOS_DEPLOYMENT_TARGET = 10.0;
				LD_RUNPATH_SEARCH_PATHS = "$(inherited) @executable_path/Frameworks";
				PRODUCT_BUNDLE_IDENTIFIER = io.thepatrick.GeoNoter2;
				PRODUCT_MODULE_NAME = GeoNoter;
				PRODUCT_NAME = "$(TARGET_NAME)";
				PROVISIONING_PROFILE = "";
				SWIFT_OBJC_BRIDGING_HEADER = "GeoNoter/GeoNoter-Bridging-Header.h";
				SWIFT_OPTIMIZATION_LEVEL = "-Owholemodule";
				SWIFT_VERSION = 3.0;
				WRAPPER_EXTENSION = app;
			};
			name = Release;
		};
		CD84A5171769F25400266526 /* Debug */ = {
			isa = XCBuildConfiguration;
			baseConfigurationReference = BF29F216D06A4AA1AE579C36 /* Pods-GeoNoterTests.xcconfig */;
			buildSettings = {
				BUNDLE_LOADER = "$(BUILT_PRODUCTS_DIR)/GeoNoter.app/GeoNoter";
				CLANG_ENABLE_MODULES = YES;
				FRAMEWORK_SEARCH_PATHS = (
					"$(SDKROOT)/Developer/Library/Frameworks",
					"$(inherited)",
				);
				GCC_PRECOMPILE_PREFIX_HEADER = YES;
				GCC_PREFIX_HEADER = "GeoNoter/GeoNoter-Prefix.pch";
				GCC_PREPROCESSOR_DEFINITIONS = (
					"DEBUG=1",
					"$(inherited)",
				);
				HEADER_SEARCH_PATHS = (
					"$(inherited)",
					"\"${PODS_ROOT}/Headers\"",
					"\"${PODS_ROOT}/Headers/CSStickyHeaderFlowLayout\"",
					"\"${PODS_ROOT}/Headers/FMDB\"",
				);
				INFOPLIST_FILE = "GeoNoterTests/GeoNoterTests-Info.plist";
				LD_RUNPATH_SEARCH_PATHS = "$(inherited) @executable_path/Frameworks @loader_path/Frameworks";
				PRODUCT_BUNDLE_IDENTIFIER = "com.pftqg.iphone.${PRODUCT_NAME:rfc1034identifier}";
				PRODUCT_NAME = "$(TARGET_NAME)";
				SWIFT_OBJC_BRIDGING_HEADER = "GeoNoterTests/GeoNoterTests-Bridging-Header.h";
				SWIFT_OPTIMIZATION_LEVEL = "-Onone";
				SWIFT_VERSION = 3.0;
				TEST_HOST = "$(BUNDLE_LOADER)";
				WRAPPER_EXTENSION = xctest;
			};
			name = Debug;
		};
		CD84A5181769F25400266526 /* Release */ = {
			isa = XCBuildConfiguration;
			baseConfigurationReference = BF29F216D06A4AA1AE579C36 /* Pods-GeoNoterTests.xcconfig */;
			buildSettings = {
				BUNDLE_LOADER = "$(BUILT_PRODUCTS_DIR)/GeoNoter.app/GeoNoter";
				CLANG_ENABLE_MODULES = YES;
				FRAMEWORK_SEARCH_PATHS = (
					"$(SDKROOT)/Developer/Library/Frameworks",
					"$(inherited)",
				);
				GCC_PRECOMPILE_PREFIX_HEADER = YES;
				GCC_PREFIX_HEADER = "GeoNoter/GeoNoter-Prefix.pch";
				HEADER_SEARCH_PATHS = (
					"$(inherited)",
					"\"${PODS_ROOT}/Headers\"",
					"\"${PODS_ROOT}/Headers/CSStickyHeaderFlowLayout\"",
					"\"${PODS_ROOT}/Headers/FMDB\"",
				);
				INFOPLIST_FILE = "GeoNoterTests/GeoNoterTests-Info.plist";
				LD_RUNPATH_SEARCH_PATHS = "$(inherited) @executable_path/Frameworks @loader_path/Frameworks";
				PRODUCT_BUNDLE_IDENTIFIER = "com.pftqg.iphone.${PRODUCT_NAME:rfc1034identifier}";
				PRODUCT_NAME = "$(TARGET_NAME)";
				SWIFT_OBJC_BRIDGING_HEADER = "GeoNoterTests/GeoNoterTests-Bridging-Header.h";
				SWIFT_OPTIMIZATION_LEVEL = "-Owholemodule";
				SWIFT_VERSION = 3.0;
				TEST_HOST = "$(BUNDLE_LOADER)";
				WRAPPER_EXTENSION = xctest;
			};
			name = Release;
		};
		CD8C37631D135CFC0088B355 /* Debug */ = {
			isa = XCBuildConfiguration;
			buildSettings = {
				APPLICATION_EXTENSION_API_ONLY = YES;
				CLANG_ANALYZER_NONNULL = YES;
				CLANG_WARN_DOCUMENTATION_COMMENTS = YES;
				CODE_SIGN_IDENTITY = "iPhone Developer";
				"CODE_SIGN_IDENTITY[sdk=iphoneos*]" = "iPhone Developer";
				CURRENT_PROJECT_VERSION = 1;
				DEBUG_INFORMATION_FORMAT = dwarf;
				DEFINES_MODULE = YES;
				DYLIB_COMPATIBILITY_VERSION = 1;
				DYLIB_CURRENT_VERSION = 1;
				DYLIB_INSTALL_NAME_BASE = "@rpath";
				GCC_WARN_UNINITIALIZED_AUTOS = YES_AGGRESSIVE;
				INFOPLIST_FILE = "GeoNoterCore-watchos/Info.plist";
				INSTALL_PATH = "$(LOCAL_LIBRARY_DIR)/Frameworks";
				LD_RUNPATH_SEARCH_PATHS = "$(inherited) @executable_path/Frameworks @loader_path/Frameworks";
				MTL_ENABLE_DEBUG_INFO = YES;
				PRODUCT_BUNDLE_IDENTIFIER = "io.thepatrick.GeoNoterCore-watchos";
				PRODUCT_NAME = GeoNoterCoreWatchOS;
				SDKROOT = watchos;
				SKIP_INSTALL = YES;
				SWIFT_ACTIVE_COMPILATION_CONDITIONS = DEBUG;
				SWIFT_OPTIMIZATION_LEVEL = "-Onone";
				SWIFT_VERSION = 3.0;
				TARGETED_DEVICE_FAMILY = 4;
				VERSIONING_SYSTEM = "apple-generic";
				VERSION_INFO_PREFIX = "";
				WATCHOS_DEPLOYMENT_TARGET = 3.0;
			};
			name = Debug;
		};
		CD8C37641D135CFC0088B355 /* Release */ = {
			isa = XCBuildConfiguration;
			buildSettings = {
				APPLICATION_EXTENSION_API_ONLY = YES;
				CLANG_ANALYZER_NONNULL = YES;
				CLANG_WARN_DOCUMENTATION_COMMENTS = YES;
				CODE_SIGN_IDENTITY = "iPhone Developer";
				"CODE_SIGN_IDENTITY[sdk=iphoneos*]" = "iPhone Developer";
				COPY_PHASE_STRIP = NO;
				CURRENT_PROJECT_VERSION = 1;
				DEBUG_INFORMATION_FORMAT = "dwarf-with-dsym";
				DEFINES_MODULE = YES;
				DYLIB_COMPATIBILITY_VERSION = 1;
				DYLIB_CURRENT_VERSION = 1;
				DYLIB_INSTALL_NAME_BASE = "@rpath";
				GCC_WARN_UNINITIALIZED_AUTOS = YES_AGGRESSIVE;
				INFOPLIST_FILE = "GeoNoterCore-watchos/Info.plist";
				INSTALL_PATH = "$(LOCAL_LIBRARY_DIR)/Frameworks";
				LD_RUNPATH_SEARCH_PATHS = "$(inherited) @executable_path/Frameworks @loader_path/Frameworks";
				MTL_ENABLE_DEBUG_INFO = NO;
				PRODUCT_BUNDLE_IDENTIFIER = "io.thepatrick.GeoNoterCore-watchos";
				PRODUCT_NAME = GeoNoterCoreWatchOS;
				SDKROOT = watchos;
				SKIP_INSTALL = YES;
				SWIFT_OPTIMIZATION_LEVEL = "-Owholemodule";
				SWIFT_VERSION = 3.0;
				TARGETED_DEVICE_FAMILY = 4;
				VERSIONING_SYSTEM = "apple-generic";
				VERSION_INFO_PREFIX = "";
				WATCHOS_DEPLOYMENT_TARGET = 3.0;
			};
			name = Release;
		};
		CD9FFD4A1AC41DF500D916BA /* Debug */ = {
			isa = XCBuildConfiguration;
			buildSettings = {
				ALWAYS_EMBED_SWIFT_STANDARD_LIBRARIES = YES;
				CLANG_WARN_UNREACHABLE_CODE = YES;
				CODE_SIGN_ENTITLEMENTS = "GeoNoter WatchKit Extension/GeoNoter WatchKit Extension.entitlements";
				CODE_SIGN_IDENTITY = "iPhone Developer";
				"CODE_SIGN_IDENTITY[sdk=iphoneos*]" = "iPhone Developer";
				ENABLE_STRICT_OBJC_MSGSEND = YES;
				GCC_PREPROCESSOR_DEFINITIONS = (
					"DEBUG=1",
					"$(inherited)",
				);
				GCC_WARN_64_TO_32_BIT_CONVERSION = YES;
				GCC_WARN_UNINITIALIZED_AUTOS = YES_AGGRESSIVE;
				INFOPLIST_FILE = "GeoNoter WatchKit Extension/Info.plist";
				IPHONEOS_DEPLOYMENT_TARGET = 10.0;
				LD_RUNPATH_SEARCH_PATHS = "$(inherited) @executable_path/Frameworks @executable_path/../../Frameworks";
				MTL_ENABLE_DEBUG_INFO = YES;
				PRODUCT_BUNDLE_IDENTIFIER = io.thepatrick.GeoNoter2.watchkitapp.watchkitextension;
				PRODUCT_NAME = "${TARGET_NAME}";
				PROVISIONING_PROFILE = "";
				SDKROOT = watchos;
				SKIP_INSTALL = YES;
				SWIFT_OPTIMIZATION_LEVEL = "-Onone";
				SWIFT_VERSION = 3.0;
				TARGETED_DEVICE_FAMILY = 4;
				WATCHOS_DEPLOYMENT_TARGET = 3.0;
			};
			name = Debug;
		};
		CD9FFD4B1AC41DF500D916BA /* Release */ = {
			isa = XCBuildConfiguration;
			buildSettings = {
				ALWAYS_EMBED_SWIFT_STANDARD_LIBRARIES = YES;
				CLANG_WARN_UNREACHABLE_CODE = YES;
				CODE_SIGN_ENTITLEMENTS = "GeoNoter WatchKit Extension/GeoNoter WatchKit Extension.entitlements";
				CODE_SIGN_IDENTITY = "iPhone Developer";
				"CODE_SIGN_IDENTITY[sdk=iphoneos*]" = "iPhone Developer";
				COPY_PHASE_STRIP = NO;
				ENABLE_STRICT_OBJC_MSGSEND = YES;
				GCC_WARN_64_TO_32_BIT_CONVERSION = YES;
				GCC_WARN_UNINITIALIZED_AUTOS = YES_AGGRESSIVE;
				INFOPLIST_FILE = "GeoNoter WatchKit Extension/Info.plist";
				IPHONEOS_DEPLOYMENT_TARGET = 10.0;
				LD_RUNPATH_SEARCH_PATHS = "$(inherited) @executable_path/Frameworks @executable_path/../../Frameworks";
				MTL_ENABLE_DEBUG_INFO = NO;
				PRODUCT_BUNDLE_IDENTIFIER = io.thepatrick.GeoNoter2.watchkitapp.watchkitextension;
				PRODUCT_NAME = "${TARGET_NAME}";
				PROVISIONING_PROFILE = "";
				SDKROOT = watchos;
				SKIP_INSTALL = YES;
				SWIFT_OPTIMIZATION_LEVEL = "-Owholemodule";
				SWIFT_VERSION = 3.0;
				TARGETED_DEVICE_FAMILY = 4;
				WATCHOS_DEPLOYMENT_TARGET = 3.0;
			};
			name = Release;
		};
		CD9FFD4C1AC41DF500D916BA /* Debug */ = {
			isa = XCBuildConfiguration;
			buildSettings = {
				ALWAYS_EMBED_SWIFT_STANDARD_LIBRARIES = YES;
				ASSETCATALOG_COMPILER_APPICON_NAME = AppIcon;
				CLANG_WARN_UNREACHABLE_CODE = YES;
				CODE_SIGN_IDENTITY = "iPhone Developer";
				"CODE_SIGN_IDENTITY[sdk=iphoneos*]" = "iPhone Developer";
				ENABLE_STRICT_OBJC_MSGSEND = YES;
				GCC_PREPROCESSOR_DEFINITIONS = (
					"DEBUG=1",
					"$(inherited)",
				);
				GCC_WARN_64_TO_32_BIT_CONVERSION = YES;
				GCC_WARN_UNINITIALIZED_AUTOS = YES_AGGRESSIVE;
				IBSC_MODULE = GeoNoter_WatchKit_Extension;
				INFOPLIST_FILE = "GeoNoter WatchKit App/Info.plist";
				MTL_ENABLE_DEBUG_INFO = YES;
				PRODUCT_BUNDLE_IDENTIFIER = io.thepatrick.GeoNoter2.watchkitapp;
				PRODUCT_NAME = "$(TARGET_NAME)";
				PROVISIONING_PROFILE = "";
				SDKROOT = watchos;
				SKIP_INSTALL = YES;
				TARGETED_DEVICE_FAMILY = 4;
				WATCHOS_DEPLOYMENT_TARGET = 2.0;
			};
			name = Debug;
		};
		CD9FFD4D1AC41DF500D916BA /* Release */ = {
			isa = XCBuildConfiguration;
			buildSettings = {
				ALWAYS_EMBED_SWIFT_STANDARD_LIBRARIES = YES;
				ASSETCATALOG_COMPILER_APPICON_NAME = AppIcon;
				CLANG_WARN_UNREACHABLE_CODE = YES;
				CODE_SIGN_IDENTITY = "iPhone Developer";
				"CODE_SIGN_IDENTITY[sdk=iphoneos*]" = "iPhone Developer";
				COPY_PHASE_STRIP = NO;
				ENABLE_STRICT_OBJC_MSGSEND = YES;
				GCC_WARN_64_TO_32_BIT_CONVERSION = YES;
				GCC_WARN_UNINITIALIZED_AUTOS = YES_AGGRESSIVE;
				IBSC_MODULE = GeoNoter_WatchKit_Extension;
				INFOPLIST_FILE = "GeoNoter WatchKit App/Info.plist";
				MTL_ENABLE_DEBUG_INFO = NO;
				PRODUCT_BUNDLE_IDENTIFIER = io.thepatrick.GeoNoter2.watchkitapp;
				PRODUCT_NAME = "$(TARGET_NAME)";
				PROVISIONING_PROFILE = "";
				SDKROOT = watchos;
				SKIP_INSTALL = YES;
				TARGETED_DEVICE_FAMILY = 4;
				WATCHOS_DEPLOYMENT_TARGET = 2.0;
			};
			name = Release;
		};
/* End XCBuildConfiguration section */

/* Begin XCConfigurationList section */
		CD515B681AC7B0FE00632062 /* Build configuration list for PBXNativeTarget "GeoNoterCore" */ = {
			isa = XCConfigurationList;
			buildConfigurations = (
				CD515B641AC7B0FE00632062 /* Debug */,
				CD515B651AC7B0FE00632062 /* Release */,
			);
			defaultConfigurationIsVisible = 0;
			defaultConfigurationName = Release;
		};
		CD515B6A1AC7B0FE00632062 /* Build configuration list for PBXNativeTarget "GeoNoterCoreTests" */ = {
			isa = XCConfigurationList;
			buildConfigurations = (
				CD515B661AC7B0FE00632062 /* Debug */,
				CD515B671AC7B0FE00632062 /* Release */,
			);
			defaultConfigurationIsVisible = 0;
			defaultConfigurationName = Release;
		};
		CD84A4D91769F25400266526 /* Build configuration list for PBXProject "GeoNoter" */ = {
			isa = XCConfigurationList;
			buildConfigurations = (
				CD84A5111769F25400266526 /* Debug */,
				CD84A5121769F25400266526 /* Release */,
			);
			defaultConfigurationIsVisible = 0;
			defaultConfigurationName = Release;
		};
		CD84A5131769F25400266526 /* Build configuration list for PBXNativeTarget "GeoNoter" */ = {
			isa = XCConfigurationList;
			buildConfigurations = (
				CD84A5141769F25400266526 /* Debug */,
				CD84A5151769F25400266526 /* Release */,
			);
			defaultConfigurationIsVisible = 0;
			defaultConfigurationName = Release;
		};
		CD84A5161769F25400266526 /* Build configuration list for PBXNativeTarget "GeoNoterTests" */ = {
			isa = XCConfigurationList;
			buildConfigurations = (
				CD84A5171769F25400266526 /* Debug */,
				CD84A5181769F25400266526 /* Release */,
			);
			defaultConfigurationIsVisible = 0;
			defaultConfigurationName = Release;
		};
		CD8C37621D135CFC0088B355 /* Build configuration list for PBXNativeTarget "GeoNoterCore-watchos" */ = {
			isa = XCConfigurationList;
			buildConfigurations = (
				CD8C37631D135CFC0088B355 /* Debug */,
				CD8C37641D135CFC0088B355 /* Release */,
			);
			defaultConfigurationIsVisible = 0;
		};
		CD9FFD4E1AC41DF500D916BA /* Build configuration list for PBXNativeTarget "GeoNoter WatchKit App" */ = {
			isa = XCConfigurationList;
			buildConfigurations = (
				CD9FFD4C1AC41DF500D916BA /* Debug */,
				CD9FFD4D1AC41DF500D916BA /* Release */,
			);
			defaultConfigurationIsVisible = 0;
			defaultConfigurationName = Release;
		};
		CD9FFD4F1AC41DF500D916BA /* Build configuration list for PBXNativeTarget "GeoNoter WatchKit Extension" */ = {
			isa = XCConfigurationList;
			buildConfigurations = (
				CD9FFD4A1AC41DF500D916BA /* Debug */,
				CD9FFD4B1AC41DF500D916BA /* Release */,
			);
			defaultConfigurationIsVisible = 0;
			defaultConfigurationName = Release;
		};
/* End XCConfigurationList section */
	};
	rootObject = CD84A4D61769F25400266526 /* Project object */;
}
