// !$*UTF8*$!
{
	archiveVersion = 1;
	classes = {
	};
	objectVersion = 46;
	objects = {

/* Begin PBXBuildFile section */
		46B37C6D3E4F4AB6B2F1DEF1 /* libPods-GeoNoter.a in Frameworks */ = {isa = PBXBuildFile; fileRef = 8CC1445210864F9E8443C435 /* libPods-GeoNoter.a */; };
		CD3F275C19755536000091ED /* PQGImageSizerTests.swift in Sources */ = {isa = PBXBuildFile; fileRef = CD3F275B19755536000091ED /* PQGImageSizerTests.swift */; };
		CD3F275E19755570000091ED /* PQGDateJSONTests.swift in Sources */ = {isa = PBXBuildFile; fileRef = CD3F275D19755570000091ED /* PQGDateJSONTests.swift */; };
		CD3F276019755583000091ED /* PQGStringUUIDTests.swift in Sources */ = {isa = PBXBuildFile; fileRef = CD3F275F19755583000091ED /* PQGStringUUIDTests.swift */; };
		CD60DC2A19700D8B00E4E019 /* PQGPersistStore.m in Sources */ = {isa = PBXBuildFile; fileRef = CD60DC2919700D8B00E4E019 /* PQGPersistStore.m */; };
		CD60DC2D197012BE00E4E019 /* PQGPersistStoreTags.swift in Sources */ = {isa = PBXBuildFile; fileRef = CD60DC2C197012BE00E4E019 /* PQGPersistStoreTags.swift */; };
		CD63E33719608528008C610E /* UIImageContentsOfFileURL.m in Sources */ = {isa = PBXBuildFile; fileRef = CD63E33619608528008C610E /* UIImageContentsOfFileURL.m */; };
		CD6BAC931973F6B3008EBBAE /* PQGTagsViewController.swift in Sources */ = {isa = PBXBuildFile; fileRef = CD6BAC921973F6B3008EBBAE /* PQGTagsViewController.swift */; };
		CD6BAC961973F80E008EBBAE /* PQGTagsTableViewController.swift in Sources */ = {isa = PBXBuildFile; fileRef = CD6BAC951973F80E008EBBAE /* PQGTagsTableViewController.swift */; };
		CD6E3C6519466A2A005067DE /* NSDateJSON.m in Sources */ = {isa = PBXBuildFile; fileRef = CD6E3C6119466A2A005067DE /* NSDateJSON.m */; };
		CD6E3C6619466A2A005067DE /* NSStringUUID.m in Sources */ = {isa = PBXBuildFile; fileRef = CD6E3C6419466A2A005067DE /* NSStringUUID.m */; };
		CD6E3C6919466D30005067DE /* UIImageSizer.m in Sources */ = {isa = PBXBuildFile; fileRef = CD6E3C6819466D30005067DE /* UIImageSizer.m */; };
		CD6E3C9819466F1E005067DE /* libsqlite3.dylib in Frameworks */ = {isa = PBXBuildFile; fileRef = CD6E3C9719466F1E005067DE /* libsqlite3.dylib */; };
		CD6E3C9A19466F24005067DE /* CoreLocation.framework in Frameworks */ = {isa = PBXBuildFile; fileRef = CD6E3C9919466F24005067DE /* CoreLocation.framework */; };
		CD6E3C9C19466F2C005067DE /* QuartzCore.framework in Frameworks */ = {isa = PBXBuildFile; fileRef = CD6E3C9B19466F2C005067DE /* QuartzCore.framework */; };
		CD6E3CA019466F38005067DE /* AssetsLibrary.framework in Frameworks */ = {isa = PBXBuildFile; fileRef = CD6E3C9F19466F38005067DE /* AssetsLibrary.framework */; };
		CD6E3CA219466F3E005067DE /* MessageUI.framework in Frameworks */ = {isa = PBXBuildFile; fileRef = CD6E3CA119466F3E005067DE /* MessageUI.framework */; };
		CD6E3CA919466F68005067DE /* SQLDatabase.m in Sources */ = {isa = PBXBuildFile; fileRef = CD6E3CA519466F68005067DE /* SQLDatabase.m */; };
		CD6E3CAA19466F68005067DE /* SQLRow.m in Sources */ = {isa = PBXBuildFile; fileRef = CD6E3CA619466F68005067DE /* SQLRow.m */; };
		CD6E3CAB19466F68005067DE /* SQLResult.m in Sources */ = {isa = PBXBuildFile; fileRef = CD6E3CA819466F68005067DE /* SQLResult.m */; };
		CD6E3CB719467E7C005067DE /* PersistStore.m in Sources */ = {isa = PBXBuildFile; fileRef = CD6E3CAE19467E7C005067DE /* PersistStore.m */; };
		CD6E3CB919467E7C005067DE /* Tag.m in Sources */ = {isa = PBXBuildFile; fileRef = CD6E3CB219467E7C005067DE /* Tag.m */; };
		CD6E3CBA19467E7C005067DE /* GNPoint.m in Sources */ = {isa = PBXBuildFile; fileRef = CD6E3CB419467E7C005067DE /* GNPoint.m */; };
		CD6E3CBB19467E7C005067DE /* GNAttachment.m in Sources */ = {isa = PBXBuildFile; fileRef = CD6E3CB619467E7C005067DE /* GNAttachment.m */; };
		CD6E3CBE1947B37B005067DE /* PQGLocationHelper.swift in Sources */ = {isa = PBXBuildFile; fileRef = CD6E3CBD1947B37B005067DE /* PQGLocationHelper.swift */; };
		CD73B2111948D00600C7D148 /* PQGPointDetailViewController.swift in Sources */ = {isa = PBXBuildFile; fileRef = CD73B2101948D00600C7D148 /* PQGPointDetailViewController.swift */; };
		CD73B2131948D29200C7D148 /* PQGPointDetailHeader.xib in Resources */ = {isa = PBXBuildFile; fileRef = CD73B2121948D29200C7D148 /* PQGPointDetailHeader.xib */; };
		CD73B2181948D34000C7D148 /* PQGCell.m in Sources */ = {isa = PBXBuildFile; fileRef = CD73B2161948D34000C7D148 /* PQGCell.m */; };
		CD73B21B1948D64F00C7D148 /* MapKit.framework in Frameworks */ = {isa = PBXBuildFile; fileRef = CD73B21A1948D64F00C7D148 /* MapKit.framework */; };
		CD84A4E21769F25400266526 /* Foundation.framework in Frameworks */ = {isa = PBXBuildFile; fileRef = CD84A4E11769F25400266526 /* Foundation.framework */; };
		CD84A4E41769F25400266526 /* CoreGraphics.framework in Frameworks */ = {isa = PBXBuildFile; fileRef = CD84A4E31769F25400266526 /* CoreGraphics.framework */; };
		CD84A4E61769F25400266526 /* UIKit.framework in Frameworks */ = {isa = PBXBuildFile; fileRef = CD84A4E51769F25400266526 /* UIKit.framework */; };
		CD84A4EC1769F25400266526 /* InfoPlist.strings in Resources */ = {isa = PBXBuildFile; fileRef = CD84A4EA1769F25400266526 /* InfoPlist.strings */; };
		CD84A4EE1769F25400266526 /* main.m in Sources */ = {isa = PBXBuildFile; fileRef = CD84A4ED1769F25400266526 /* main.m */; };
		CD84A4F21769F25400266526 /* PQGAppDelegate.m in Sources */ = {isa = PBXBuildFile; fileRef = CD84A4F11769F25400266526 /* PQGAppDelegate.m */; };
		CD84A4F51769F25400266526 /* Main.storyboard in Resources */ = {isa = PBXBuildFile; fileRef = CD84A4F31769F25400266526 /* Main.storyboard */; };
		CD84A4FD1769F25400266526 /* Images.xcassets in Resources */ = {isa = PBXBuildFile; fileRef = CD84A4FC1769F25400266526 /* Images.xcassets */; };
		CD84A5041769F25400266526 /* XCTest.framework in Frameworks */ = {isa = PBXBuildFile; fileRef = CD84A5031769F25400266526 /* XCTest.framework */; };
		CD84A5051769F25400266526 /* Foundation.framework in Frameworks */ = {isa = PBXBuildFile; fileRef = CD84A4E11769F25400266526 /* Foundation.framework */; };
		CD84A5061769F25400266526 /* UIKit.framework in Frameworks */ = {isa = PBXBuildFile; fileRef = CD84A4E51769F25400266526 /* UIKit.framework */; };
		CD84A50E1769F25400266526 /* InfoPlist.strings in Resources */ = {isa = PBXBuildFile; fileRef = CD84A50C1769F25400266526 /* InfoPlist.strings */; };
		CDA79559196092ED00D0D34B /* PQGPointAddTagsViewControllerTableViewController.swift in Sources */ = {isa = PBXBuildFile; fileRef = CDA79558196092ED00D0D34B /* PQGPointAddTagsViewControllerTableViewController.swift */; };
		CDAB6AB71947C27100DF47E5 /* PQGPointsNavigationController.swift in Sources */ = {isa = PBXBuildFile; fileRef = CDAB6AB61947C27100DF47E5 /* PQGPointsNavigationController.swift */; };
		CDAB6ABB1947C6BF00DF47E5 /* PQGPointsViewController.swift in Sources */ = {isa = PBXBuildFile; fileRef = CDAB6ABA1947C6BF00DF47E5 /* PQGPointsViewController.swift */; };
		CDB80F04195F86520087863A /* PQGAttachmentViewController.swift in Sources */ = {isa = PBXBuildFile; fileRef = CDB80F03195F86520087863A /* PQGAttachmentViewController.swift */; };
		CDBE67BD19480D1C0096E1CF /* AddressBookUI.framework in Frameworks */ = {isa = PBXBuildFile; fileRef = CDBE67BC19480D1C0096E1CF /* AddressBookUI.framework */; };
		CDF172FA1948D81C00CD351F /* PQGPointDetailHeader.m in Sources */ = {isa = PBXBuildFile; fileRef = CDF172F91948D81C00CD351F /* PQGPointDetailHeader.m */; };
/* End PBXBuildFile section */

/* Begin PBXContainerItemProxy section */
		CD84A5071769F25400266526 /* PBXContainerItemProxy */ = {
			isa = PBXContainerItemProxy;
			containerPortal = CD84A4D61769F25400266526 /* Project object */;
			proxyType = 1;
			remoteGlobalIDString = CD84A4DD1769F25400266526;
			remoteInfo = GeoNoter;
		};
/* End PBXContainerItemProxy section */

/* Begin PBXFileReference section */
		58C6827265EE4DE0891CB7F1 /* Pods-GeoNoter.xcconfig */ = {isa = PBXFileReference; includeInIndex = 1; lastKnownFileType = text.xcconfig; name = "Pods-GeoNoter.xcconfig"; path = "Pods/Pods-GeoNoter.xcconfig"; sourceTree = "<group>"; };
		8CC1445210864F9E8443C435 /* libPods-GeoNoter.a */ = {isa = PBXFileReference; explicitFileType = archive.ar; includeInIndex = 0; path = "libPods-GeoNoter.a"; sourceTree = BUILT_PRODUCTS_DIR; };
		CD3F275B19755536000091ED /* PQGImageSizerTests.swift */ = {isa = PBXFileReference; fileEncoding = 4; lastKnownFileType = sourcecode.swift; path = PQGImageSizerTests.swift; sourceTree = "<group>"; };
		CD3F275D19755570000091ED /* PQGDateJSONTests.swift */ = {isa = PBXFileReference; fileEncoding = 4; lastKnownFileType = sourcecode.swift; path = PQGDateJSONTests.swift; sourceTree = "<group>"; };
		CD3F275F19755583000091ED /* PQGStringUUIDTests.swift */ = {isa = PBXFileReference; fileEncoding = 4; lastKnownFileType = sourcecode.swift; path = PQGStringUUIDTests.swift; sourceTree = "<group>"; };
		CD60DC2919700D8B00E4E019 /* PQGPersistStore.m */ = {isa = PBXFileReference; fileEncoding = 4; lastKnownFileType = sourcecode.c.objc; path = PQGPersistStore.m; sourceTree = "<group>"; };
		CD60DC2B197012BE00E4E019 /* GeoNoterTests-Bridging-Header.h */ = {isa = PBXFileReference; lastKnownFileType = sourcecode.c.h; path = "GeoNoterTests-Bridging-Header.h"; sourceTree = "<group>"; };
		CD60DC2C197012BE00E4E019 /* PQGPersistStoreTags.swift */ = {isa = PBXFileReference; fileEncoding = 4; lastKnownFileType = sourcecode.swift; path = PQGPersistStoreTags.swift; sourceTree = "<group>"; };
		CD63E33519608528008C610E /* UIImageContentsOfFileURL.h */ = {isa = PBXFileReference; fileEncoding = 4; lastKnownFileType = sourcecode.c.h; path = UIImageContentsOfFileURL.h; sourceTree = "<group>"; };
		CD63E33619608528008C610E /* UIImageContentsOfFileURL.m */ = {isa = PBXFileReference; fileEncoding = 4; lastKnownFileType = sourcecode.c.objc; path = UIImageContentsOfFileURL.m; sourceTree = "<group>"; };
		CD6BAC921973F6B3008EBBAE /* PQGTagsViewController.swift */ = {isa = PBXFileReference; fileEncoding = 4; lastKnownFileType = sourcecode.swift; name = PQGTagsViewController.swift; path = Views/Tags/PQGTagsViewController.swift; sourceTree = "<group>"; };
		CD6BAC951973F80E008EBBAE /* PQGTagsTableViewController.swift */ = {isa = PBXFileReference; fileEncoding = 4; lastKnownFileType = sourcecode.swift; name = PQGTagsTableViewController.swift; path = Views/Tags/PQGTagsTableViewController.swift; sourceTree = "<group>"; };
		CD6E3C6119466A2A005067DE /* NSDateJSON.m */ = {isa = PBXFileReference; fileEncoding = 4; lastKnownFileType = sourcecode.c.objc; path = NSDateJSON.m; sourceTree = "<group>"; };
		CD6E3C6219466A2A005067DE /* NSDateJSON.h */ = {isa = PBXFileReference; fileEncoding = 4; lastKnownFileType = sourcecode.c.h; path = NSDateJSON.h; sourceTree = "<group>"; };
		CD6E3C6319466A2A005067DE /* NSStringUUID.h */ = {isa = PBXFileReference; fileEncoding = 4; lastKnownFileType = sourcecode.c.h; path = NSStringUUID.h; sourceTree = "<group>"; };
		CD6E3C6419466A2A005067DE /* NSStringUUID.m */ = {isa = PBXFileReference; fileEncoding = 4; lastKnownFileType = sourcecode.c.objc; path = NSStringUUID.m; sourceTree = "<group>"; };
		CD6E3C6719466D30005067DE /* UIImageSizer.h */ = {isa = PBXFileReference; fileEncoding = 4; lastKnownFileType = sourcecode.c.h; path = UIImageSizer.h; sourceTree = "<group>"; };
		CD6E3C6819466D30005067DE /* UIImageSizer.m */ = {isa = PBXFileReference; fileEncoding = 4; lastKnownFileType = sourcecode.c.objc; path = UIImageSizer.m; sourceTree = "<group>"; };
		CD6E3C9719466F1E005067DE /* libsqlite3.dylib */ = {isa = PBXFileReference; lastKnownFileType = "compiled.mach-o.dylib"; name = libsqlite3.dylib; path = usr/lib/libsqlite3.dylib; sourceTree = SDKROOT; };
		CD6E3C9919466F24005067DE /* CoreLocation.framework */ = {isa = PBXFileReference; lastKnownFileType = wrapper.framework; name = CoreLocation.framework; path = System/Library/Frameworks/CoreLocation.framework; sourceTree = SDKROOT; };
		CD6E3C9B19466F2C005067DE /* QuartzCore.framework */ = {isa = PBXFileReference; lastKnownFileType = wrapper.framework; name = QuartzCore.framework; path = System/Library/Frameworks/QuartzCore.framework; sourceTree = SDKROOT; };
		CD6E3C9F19466F38005067DE /* AssetsLibrary.framework */ = {isa = PBXFileReference; lastKnownFileType = wrapper.framework; name = AssetsLibrary.framework; path = System/Library/Frameworks/AssetsLibrary.framework; sourceTree = SDKROOT; };
		CD6E3CA119466F3E005067DE /* MessageUI.framework */ = {isa = PBXFileReference; lastKnownFileType = wrapper.framework; name = MessageUI.framework; path = System/Library/Frameworks/MessageUI.framework; sourceTree = SDKROOT; };
		CD6E3CA419466F68005067DE /* SQLDatabase.h */ = {isa = PBXFileReference; fileEncoding = 4; lastKnownFileType = sourcecode.c.h; path = SQLDatabase.h; sourceTree = "<group>"; };
		CD6E3CA519466F68005067DE /* SQLDatabase.m */ = {isa = PBXFileReference; fileEncoding = 4; lastKnownFileType = sourcecode.c.objc; path = SQLDatabase.m; sourceTree = "<group>"; };
		CD6E3CA619466F68005067DE /* SQLRow.m */ = {isa = PBXFileReference; fileEncoding = 4; lastKnownFileType = sourcecode.c.objc; path = SQLRow.m; sourceTree = "<group>"; };
		CD6E3CA719466F68005067DE /* SQLDatabasePrivate.h */ = {isa = PBXFileReference; fileEncoding = 4; lastKnownFileType = sourcecode.c.h; path = SQLDatabasePrivate.h; sourceTree = "<group>"; };
		CD6E3CA819466F68005067DE /* SQLResult.m */ = {isa = PBXFileReference; fileEncoding = 4; lastKnownFileType = sourcecode.c.objc; path = SQLResult.m; sourceTree = "<group>"; };
		CD6E3CAD19467E7C005067DE /* PersistStore.h */ = {isa = PBXFileReference; fileEncoding = 4; lastKnownFileType = sourcecode.c.h; path = PersistStore.h; sourceTree = "<group>"; };
		CD6E3CAE19467E7C005067DE /* PersistStore.m */ = {isa = PBXFileReference; fileEncoding = 4; lastKnownFileType = sourcecode.c.objc; path = PersistStore.m; sourceTree = "<group>"; };
		CD6E3CB119467E7C005067DE /* Tag.h */ = {isa = PBXFileReference; fileEncoding = 4; lastKnownFileType = sourcecode.c.h; path = Tag.h; sourceTree = "<group>"; };
		CD6E3CB219467E7C005067DE /* Tag.m */ = {isa = PBXFileReference; fileEncoding = 4; lastKnownFileType = sourcecode.c.objc; path = Tag.m; sourceTree = "<group>"; };
		CD6E3CB319467E7C005067DE /* GNPoint.h */ = {isa = PBXFileReference; fileEncoding = 4; lastKnownFileType = sourcecode.c.h; path = GNPoint.h; sourceTree = "<group>"; };
		CD6E3CB419467E7C005067DE /* GNPoint.m */ = {isa = PBXFileReference; fileEncoding = 4; lastKnownFileType = sourcecode.c.objc; path = GNPoint.m; sourceTree = "<group>"; };
		CD6E3CB519467E7C005067DE /* GNAttachment.h */ = {isa = PBXFileReference; fileEncoding = 4; lastKnownFileType = sourcecode.c.h; path = GNAttachment.h; sourceTree = "<group>"; };
		CD6E3CB619467E7C005067DE /* GNAttachment.m */ = {isa = PBXFileReference; fileEncoding = 4; lastKnownFileType = sourcecode.c.objc; path = GNAttachment.m; sourceTree = "<group>"; };
		CD6E3CBC1947B37A005067DE /* GeoNoter-Bridging-Header.h */ = {isa = PBXFileReference; lastKnownFileType = sourcecode.c.h; path = "GeoNoter-Bridging-Header.h"; sourceTree = "<group>"; };
		CD6E3CBD1947B37B005067DE /* PQGLocationHelper.swift */ = {isa = PBXFileReference; fileEncoding = 4; lastKnownFileType = sourcecode.swift; path = PQGLocationHelper.swift; sourceTree = "<group>"; };
		CD73B2101948D00600C7D148 /* PQGPointDetailViewController.swift */ = {isa = PBXFileReference; fileEncoding = 4; lastKnownFileType = sourcecode.swift; name = PQGPointDetailViewController.swift; path = Views/Points/PQGPointDetailViewController.swift; sourceTree = "<group>"; };
		CD73B2121948D29200C7D148 /* PQGPointDetailHeader.xib */ = {isa = PBXFileReference; fileEncoding = 4; lastKnownFileType = file.xib; path = PQGPointDetailHeader.xib; sourceTree = "<group>"; };
		CD73B2151948D34000C7D148 /* PQGCell.h */ = {isa = PBXFileReference; fileEncoding = 4; lastKnownFileType = sourcecode.c.h; path = PQGCell.h; sourceTree = "<group>"; };
		CD73B2161948D34000C7D148 /* PQGCell.m */ = {isa = PBXFileReference; fileEncoding = 4; lastKnownFileType = sourcecode.c.objc; path = PQGCell.m; sourceTree = "<group>"; };
		CD73B21A1948D64F00C7D148 /* MapKit.framework */ = {isa = PBXFileReference; lastKnownFileType = wrapper.framework; name = MapKit.framework; path = System/Library/Frameworks/MapKit.framework; sourceTree = SDKROOT; };
		CD84A4DE1769F25400266526 /* GeoNoter.app */ = {isa = PBXFileReference; explicitFileType = wrapper.application; includeInIndex = 0; path = GeoNoter.app; sourceTree = BUILT_PRODUCTS_DIR; };
		CD84A4E11769F25400266526 /* Foundation.framework */ = {isa = PBXFileReference; lastKnownFileType = wrapper.framework; name = Foundation.framework; path = System/Library/Frameworks/Foundation.framework; sourceTree = SDKROOT; };
		CD84A4E31769F25400266526 /* CoreGraphics.framework */ = {isa = PBXFileReference; lastKnownFileType = wrapper.framework; name = CoreGraphics.framework; path = System/Library/Frameworks/CoreGraphics.framework; sourceTree = SDKROOT; };
		CD84A4E51769F25400266526 /* UIKit.framework */ = {isa = PBXFileReference; lastKnownFileType = wrapper.framework; name = UIKit.framework; path = System/Library/Frameworks/UIKit.framework; sourceTree = SDKROOT; };
		CD84A4E91769F25400266526 /* GeoNoter-Info.plist */ = {isa = PBXFileReference; lastKnownFileType = text.plist.xml; path = "GeoNoter-Info.plist"; sourceTree = "<group>"; };
		CD84A4EB1769F25400266526 /* en */ = {isa = PBXFileReference; lastKnownFileType = text.plist.strings; name = en; path = en.lproj/InfoPlist.strings; sourceTree = "<group>"; };
		CD84A4ED1769F25400266526 /* main.m */ = {isa = PBXFileReference; lastKnownFileType = sourcecode.c.objc; path = main.m; sourceTree = "<group>"; };
		CD84A4EF1769F25400266526 /* GeoNoter-Prefix.pch */ = {isa = PBXFileReference; lastKnownFileType = sourcecode.c.h; path = "GeoNoter-Prefix.pch"; sourceTree = "<group>"; };
		CD84A4F01769F25400266526 /* PQGAppDelegate.h */ = {isa = PBXFileReference; lastKnownFileType = sourcecode.c.h; path = PQGAppDelegate.h; sourceTree = "<group>"; };
		CD84A4F11769F25400266526 /* PQGAppDelegate.m */ = {isa = PBXFileReference; lastKnownFileType = sourcecode.c.objc; path = PQGAppDelegate.m; sourceTree = "<group>"; };
		CD84A4F41769F25400266526 /* Base */ = {isa = PBXFileReference; lastKnownFileType = file.storyboard; name = Base; path = Base.lproj/Main.storyboard; sourceTree = "<group>"; };
		CD84A4FC1769F25400266526 /* Images.xcassets */ = {isa = PBXFileReference; lastKnownFileType = folder.assetcatalog; path = Images.xcassets; sourceTree = "<group>"; };
		CD84A5021769F25400266526 /* GeoNoterTests.xctest */ = {isa = PBXFileReference; explicitFileType = wrapper.cfbundle; includeInIndex = 0; path = GeoNoterTests.xctest; sourceTree = BUILT_PRODUCTS_DIR; };
		CD84A5031769F25400266526 /* XCTest.framework */ = {isa = PBXFileReference; lastKnownFileType = wrapper.framework; name = XCTest.framework; path = Library/Frameworks/XCTest.framework; sourceTree = DEVELOPER_DIR; };
		CD84A50B1769F25400266526 /* GeoNoterTests-Info.plist */ = {isa = PBXFileReference; lastKnownFileType = text.plist.xml; path = "GeoNoterTests-Info.plist"; sourceTree = "<group>"; };
		CD84A50D1769F25400266526 /* en */ = {isa = PBXFileReference; lastKnownFileType = text.plist.strings; name = en; path = en.lproj/InfoPlist.strings; sourceTree = "<group>"; };
		CDA79558196092ED00D0D34B /* PQGPointAddTagsViewControllerTableViewController.swift */ = {isa = PBXFileReference; fileEncoding = 4; lastKnownFileType = sourcecode.swift; path = PQGPointAddTagsViewControllerTableViewController.swift; sourceTree = "<group>"; };
		CDAB6AB61947C27100DF47E5 /* PQGPointsNavigationController.swift */ = {isa = PBXFileReference; fileEncoding = 4; lastKnownFileType = sourcecode.swift; name = PQGPointsNavigationController.swift; path = Views/Points/PQGPointsNavigationController.swift; sourceTree = "<group>"; };
		CDAB6ABA1947C6BF00DF47E5 /* PQGPointsViewController.swift */ = {isa = PBXFileReference; fileEncoding = 4; lastKnownFileType = sourcecode.swift; name = PQGPointsViewController.swift; path = Views/Points/PQGPointsViewController.swift; sourceTree = "<group>"; };
		CDB80F03195F86520087863A /* PQGAttachmentViewController.swift */ = {isa = PBXFileReference; fileEncoding = 4; lastKnownFileType = sourcecode.swift; path = PQGAttachmentViewController.swift; sourceTree = "<group>"; };
		CDBE67BC19480D1C0096E1CF /* AddressBookUI.framework */ = {isa = PBXFileReference; lastKnownFileType = wrapper.framework; name = AddressBookUI.framework; path = System/Library/Frameworks/AddressBookUI.framework; sourceTree = SDKROOT; };
		CDF172F81948D81C00CD351F /* PQGPointDetailHeader.h */ = {isa = PBXFileReference; fileEncoding = 4; lastKnownFileType = sourcecode.c.h; name = PQGPointDetailHeader.h; path = Views/Points/PQGPointDetailHeader.h; sourceTree = "<group>"; };
		CDF172F91948D81C00CD351F /* PQGPointDetailHeader.m */ = {isa = PBXFileReference; fileEncoding = 4; lastKnownFileType = sourcecode.c.objc; name = PQGPointDetailHeader.m; path = Views/Points/PQGPointDetailHeader.m; sourceTree = "<group>"; };
/* End PBXFileReference section */

/* Begin PBXFrameworksBuildPhase section */
		CD84A4DB1769F25400266526 /* Frameworks */ = {
			isa = PBXFrameworksBuildPhase;
			buildActionMask = 2147483647;
			files = (
				CD73B21B1948D64F00C7D148 /* MapKit.framework in Frameworks */,
				CDBE67BD19480D1C0096E1CF /* AddressBookUI.framework in Frameworks */,
				CD6E3CA219466F3E005067DE /* MessageUI.framework in Frameworks */,
				CD6E3CA019466F38005067DE /* AssetsLibrary.framework in Frameworks */,
				CD6E3C9C19466F2C005067DE /* QuartzCore.framework in Frameworks */,
				CD6E3C9A19466F24005067DE /* CoreLocation.framework in Frameworks */,
				CD6E3C9819466F1E005067DE /* libsqlite3.dylib in Frameworks */,
				CD84A4E41769F25400266526 /* CoreGraphics.framework in Frameworks */,
				CD84A4E61769F25400266526 /* UIKit.framework in Frameworks */,
				CD84A4E21769F25400266526 /* Foundation.framework in Frameworks */,
				46B37C6D3E4F4AB6B2F1DEF1 /* libPods-GeoNoter.a in Frameworks */,
			);
			runOnlyForDeploymentPostprocessing = 0;
		};
		CD84A4FF1769F25400266526 /* Frameworks */ = {
			isa = PBXFrameworksBuildPhase;
			buildActionMask = 2147483647;
			files = (
				CD84A5041769F25400266526 /* XCTest.framework in Frameworks */,
				CD84A5061769F25400266526 /* UIKit.framework in Frameworks */,
				CD84A5051769F25400266526 /* Foundation.framework in Frameworks */,
			);
			runOnlyForDeploymentPostprocessing = 0;
		};
/* End PBXFrameworksBuildPhase section */

/* Begin PBXGroup section */
		CD3F276119755588000091ED /* Categories */ = {
			isa = PBXGroup;
			children = (
				CD3F275B19755536000091ED /* PQGImageSizerTests.swift */,
				CD3F275D19755570000091ED /* PQGDateJSONTests.swift */,
				CD3F275F19755583000091ED /* PQGStringUUIDTests.swift */,
			);
			name = Categories;
			sourceTree = "<group>";
		};
		CD3F276219755596000091ED /* Models */ = {
			isa = PBXGroup;
			children = (
				CD60DC2919700D8B00E4E019 /* PQGPersistStore.m */,
				CD60DC2C197012BE00E4E019 /* PQGPersistStoreTags.swift */,
			);
			name = Models;
			sourceTree = "<group>";
		};
		CD6BAC911973F50C008EBBAE /* Tags */ = {
			isa = PBXGroup;
			children = (
				CD6BAC941973F7FA008EBBAE /* List */,
				CD6BAC921973F6B3008EBBAE /* PQGTagsViewController.swift */,
			);
			name = Tags;
			sourceTree = "<group>";
		};
		CD6BAC941973F7FA008EBBAE /* List */ = {
			isa = PBXGroup;
			children = (
				CD6BAC951973F80E008EBBAE /* PQGTagsTableViewController.swift */,
			);
			name = List;
			sourceTree = "<group>";
		};
		CD6E3C6019466A1D005067DE /* Categories */ = {
			isa = PBXGroup;
			children = (
				CD6E3C6719466D30005067DE /* UIImageSizer.h */,
				CD6E3C6819466D30005067DE /* UIImageSizer.m */,
				CD6E3C6119466A2A005067DE /* NSDateJSON.m */,
				CD6E3C6219466A2A005067DE /* NSDateJSON.h */,
				CD6E3C6319466A2A005067DE /* NSStringUUID.h */,
				CD6E3C6419466A2A005067DE /* NSStringUUID.m */,
				CD63E33519608528008C610E /* UIImageContentsOfFileURL.h */,
				CD63E33619608528008C610E /* UIImageContentsOfFileURL.m */,
			);
			name = Categories;
			sourceTree = "<group>";
		};
		CD6E3CA319466F5A005067DE /* SQLDatabase */ = {
			isa = PBXGroup;
			children = (
				CD6E3CA419466F68005067DE /* SQLDatabase.h */,
				CD6E3CA519466F68005067DE /* SQLDatabase.m */,
				CD6E3CA619466F68005067DE /* SQLRow.m */,
				CD6E3CA719466F68005067DE /* SQLDatabasePrivate.h */,
				CD6E3CA819466F68005067DE /* SQLResult.m */,
			);
			name = SQLDatabase;
			sourceTree = "<group>";
		};
		CD6E3CAC19467E65005067DE /* Models */ = {
			isa = PBXGroup;
			children = (
				CD6E3CAD19467E7C005067DE /* PersistStore.h */,
				CD6E3CAE19467E7C005067DE /* PersistStore.m */,
				CD6E3CB119467E7C005067DE /* Tag.h */,
				CD6E3CB219467E7C005067DE /* Tag.m */,
				CD6E3CB319467E7C005067DE /* GNPoint.h */,
				CD6E3CB419467E7C005067DE /* GNPoint.m */,
				CD6E3CB519467E7C005067DE /* GNAttachment.h */,
				CD6E3CB619467E7C005067DE /* GNAttachment.m */,
			);
			name = Models;
			sourceTree = "<group>";
		};
		CD73B20E1948CFC200C7D148 /* List */ = {
			isa = PBXGroup;
			children = (
				CDAB6ABA1947C6BF00DF47E5 /* PQGPointsViewController.swift */,
			);
			name = List;
			sourceTree = "<group>";
		};
		CD73B20F1948CFDF00C7D148 /* Detail */ = {
			isa = PBXGroup;
			children = (
				CD73B2101948D00600C7D148 /* PQGPointDetailViewController.swift */,
				CD73B2121948D29200C7D148 /* PQGPointDetailHeader.xib */,
				CDF172F81948D81C00CD351F /* PQGPointDetailHeader.h */,
				CDF172F91948D81C00CD351F /* PQGPointDetailHeader.m */,
				CDB80F02195F863D0087863A /* Attachment */,
				CDA795551960915F00D0D34B /* Tags */,
			);
			name = Detail;
			sourceTree = "<group>";
		};
		CD73B2141948D33500C7D148 /* Cell */ = {
			isa = PBXGroup;
			children = (
				CD73B2151948D34000C7D148 /* PQGCell.h */,
				CD73B2161948D34000C7D148 /* PQGCell.m */,
			);
			name = Cell;
			sourceTree = "<group>";
		};
		CD84A4D51769F25400266526 = {
			isa = PBXGroup;
			children = (
				CD84A4E71769F25400266526 /* GeoNoter */,
				CD84A5091769F25400266526 /* GeoNoterTests */,
				CD84A4E01769F25400266526 /* Frameworks */,
				CD84A4DF1769F25400266526 /* Products */,
				58C6827265EE4DE0891CB7F1 /* Pods-GeoNoter.xcconfig */,
			);
			sourceTree = "<group>";
		};
		CD84A4DF1769F25400266526 /* Products */ = {
			isa = PBXGroup;
			children = (
				CD84A4DE1769F25400266526 /* GeoNoter.app */,
				CD84A5021769F25400266526 /* GeoNoterTests.xctest */,
			);
			name = Products;
			sourceTree = "<group>";
		};
		CD84A4E01769F25400266526 /* Frameworks */ = {
			isa = PBXGroup;
			children = (
				CD73B21A1948D64F00C7D148 /* MapKit.framework */,
				CDBE67BC19480D1C0096E1CF /* AddressBookUI.framework */,
				CD6E3CA119466F3E005067DE /* MessageUI.framework */,
				CD6E3C9F19466F38005067DE /* AssetsLibrary.framework */,
				CD6E3C9B19466F2C005067DE /* QuartzCore.framework */,
				CD6E3C9919466F24005067DE /* CoreLocation.framework */,
				CD6E3C9719466F1E005067DE /* libsqlite3.dylib */,
				CD84A4E11769F25400266526 /* Foundation.framework */,
				CD84A4E31769F25400266526 /* CoreGraphics.framework */,
				CD84A4E51769F25400266526 /* UIKit.framework */,
				CD84A5031769F25400266526 /* XCTest.framework */,
				8CC1445210864F9E8443C435 /* libPods-GeoNoter.a */,
			);
			name = Frameworks;
			sourceTree = "<group>";
		};
		CD84A4E71769F25400266526 /* GeoNoter */ = {
			isa = PBXGroup;
			children = (
				CD84A4F31769F25400266526 /* Main.storyboard */,
				CD84A4FC1769F25400266526 /* Images.xcassets */,
				CD6E3C6019466A1D005067DE /* Categories */,
				CD6E3CA319466F5A005067DE /* SQLDatabase */,
				CD6E3CAC19467E65005067DE /* Models */,
				CDAB6AB21947C0BA00DF47E5 /* Views */,
				CD6E3CBD1947B37B005067DE /* PQGLocationHelper.swift */,
				CD84A4F01769F25400266526 /* PQGAppDelegate.h */,
				CD84A4F11769F25400266526 /* PQGAppDelegate.m */,
				CD84A4E81769F25400266526 /* Supporting Files */,
			);
			path = GeoNoter;
			sourceTree = "<group>";
		};
		CD84A4E81769F25400266526 /* Supporting Files */ = {
			isa = PBXGroup;
			children = (
				CD6E3CBC1947B37A005067DE /* GeoNoter-Bridging-Header.h */,
				CD84A4E91769F25400266526 /* GeoNoter-Info.plist */,
				CD84A4EA1769F25400266526 /* InfoPlist.strings */,
				CD84A4ED1769F25400266526 /* main.m */,
				CD84A4EF1769F25400266526 /* GeoNoter-Prefix.pch */,
			);
			name = "Supporting Files";
			sourceTree = "<group>";
		};
		CD84A5091769F25400266526 /* GeoNoterTests */ = {
			isa = PBXGroup;
			children = (
				CD3F276119755588000091ED /* Categories */,
				CD3F276219755596000091ED /* Models */,
				CD84A50A1769F25400266526 /* Supporting Files */,
				CD60DC2B197012BE00E4E019 /* GeoNoterTests-Bridging-Header.h */,
			);
			path = GeoNoterTests;
			sourceTree = "<group>";
		};
		CD84A50A1769F25400266526 /* Supporting Files */ = {
			isa = PBXGroup;
			children = (
				CD84A50B1769F25400266526 /* GeoNoterTests-Info.plist */,
				CD84A50C1769F25400266526 /* InfoPlist.strings */,
			);
			name = "Supporting Files";
			sourceTree = "<group>";
		};
		CDA795551960915F00D0D34B /* Tags */ = {
			isa = PBXGroup;
			children = (
				CDA79558196092ED00D0D34B /* PQGPointAddTagsViewControllerTableViewController.swift */,
			);
			name = Tags;
			sourceTree = "<group>";
		};
		CDAB6AB21947C0BA00DF47E5 /* Views */ = {
			isa = PBXGroup;
			children = (
				CD73B2141948D33500C7D148 /* Cell */,
				CDAB6AB31947C22800DF47E5 /* Points */,
				CD6BAC911973F50C008EBBAE /* Tags */,
			);
			name = Views;
			sourceTree = "<group>";
		};
		CDAB6AB31947C22800DF47E5 /* Points */ = {
			isa = PBXGroup;
			children = (
				CDAB6AB61947C27100DF47E5 /* PQGPointsNavigationController.swift */,
				CD73B20E1948CFC200C7D148 /* List */,
				CD73B20F1948CFDF00C7D148 /* Detail */,
			);
			name = Points;
			sourceTree = "<group>";
		};
		CDB80F02195F863D0087863A /* Attachment */ = {
			isa = PBXGroup;
			children = (
				CDB80F03195F86520087863A /* PQGAttachmentViewController.swift */,
			);
			name = Attachment;
			sourceTree = "<group>";
		};
/* End PBXGroup section */

/* Begin PBXNativeTarget section */
		CD84A4DD1769F25400266526 /* GeoNoter */ = {
			isa = PBXNativeTarget;
			buildConfigurationList = CD84A5131769F25400266526 /* Build configuration list for PBXNativeTarget "GeoNoter" */;
			buildPhases = (
				8F199EB9B82C4A59BAE71132 /* Check Pods Manifest.lock */,
				CD84A4DA1769F25400266526 /* Sources */,
				CD84A4DB1769F25400266526 /* Frameworks */,
				CD84A4DC1769F25400266526 /* Resources */,
				6DED8ADF426D4323B1F47B6A /* Copy Pods Resources */,
			);
			buildRules = (
			);
			dependencies = (
			);
			name = GeoNoter;
			productName = GeoNoter;
			productReference = CD84A4DE1769F25400266526 /* GeoNoter.app */;
			productType = "com.apple.product-type.application";
		};
		CD84A5011769F25400266526 /* GeoNoterTests */ = {
			isa = PBXNativeTarget;
			buildConfigurationList = CD84A5161769F25400266526 /* Build configuration list for PBXNativeTarget "GeoNoterTests" */;
			buildPhases = (
				CD84A4FE1769F25400266526 /* Sources */,
				CD84A4FF1769F25400266526 /* Frameworks */,
				CD84A5001769F25400266526 /* Resources */,
			);
			buildRules = (
			);
			dependencies = (
				CD84A5081769F25400266526 /* PBXTargetDependency */,
			);
			name = GeoNoterTests;
			productName = GeoNoterTests;
			productReference = CD84A5021769F25400266526 /* GeoNoterTests.xctest */;
			productType = "com.apple.product-type.bundle.unit-test";
		};
/* End PBXNativeTarget section */

/* Begin PBXProject section */
		CD84A4D61769F25400266526 /* Project object */ = {
			isa = PBXProject;
			attributes = {
				CLASSPREFIX = PQG;
				LastUpgradeCheck = 0500;
				ORGANIZATIONNAME = "Patrick Quinn-Graham";
				TargetAttributes = {
					CD84A4DD1769F25400266526 = {
						SystemCapabilities = {
							com.apple.iOS = {
								enabled = 0;
							};
						};
					};
					CD84A5011769F25400266526 = {
						TestTargetID = CD84A4DD1769F25400266526;
					};
				};
			};
			buildConfigurationList = CD84A4D91769F25400266526 /* Build configuration list for PBXProject "GeoNoter" */;
			compatibilityVersion = "Xcode 3.2";
			developmentRegion = English;
			hasScannedForEncodings = 0;
			knownRegions = (
				en,
				Base,
			);
			mainGroup = CD84A4D51769F25400266526;
			productRefGroup = CD84A4DF1769F25400266526 /* Products */;
			projectDirPath = "";
			projectRoot = "";
			targets = (
				CD84A4DD1769F25400266526 /* GeoNoter */,
				CD84A5011769F25400266526 /* GeoNoterTests */,
			);
		};
/* End PBXProject section */

/* Begin PBXResourcesBuildPhase section */
		CD84A4DC1769F25400266526 /* Resources */ = {
			isa = PBXResourcesBuildPhase;
			buildActionMask = 2147483647;
			files = (
				CD84A4FD1769F25400266526 /* Images.xcassets in Resources */,
				CD73B2131948D29200C7D148 /* PQGPointDetailHeader.xib in Resources */,
				CD84A4EC1769F25400266526 /* InfoPlist.strings in Resources */,
				CD84A4F51769F25400266526 /* Main.storyboard in Resources */,
			);
			runOnlyForDeploymentPostprocessing = 0;
		};
		CD84A5001769F25400266526 /* Resources */ = {
			isa = PBXResourcesBuildPhase;
			buildActionMask = 2147483647;
			files = (
				CD84A50E1769F25400266526 /* InfoPlist.strings in Resources */,
			);
			runOnlyForDeploymentPostprocessing = 0;
		};
/* End PBXResourcesBuildPhase section */

/* Begin PBXShellScriptBuildPhase section */
		6DED8ADF426D4323B1F47B6A /* Copy Pods Resources */ = {
			isa = PBXShellScriptBuildPhase;
			buildActionMask = 2147483647;
			files = (
			);
			inputPaths = (
			);
			name = "Copy Pods Resources";
			outputPaths = (
			);
			runOnlyForDeploymentPostprocessing = 0;
			shellPath = /bin/sh;
			shellScript = "\"${SRCROOT}/Pods/Pods-GeoNoter-resources.sh\"\n";
			showEnvVarsInLog = 0;
		};
		8F199EB9B82C4A59BAE71132 /* Check Pods Manifest.lock */ = {
			isa = PBXShellScriptBuildPhase;
			buildActionMask = 2147483647;
			files = (
			);
			inputPaths = (
			);
			name = "Check Pods Manifest.lock";
			outputPaths = (
			);
			runOnlyForDeploymentPostprocessing = 0;
			shellPath = /bin/sh;
			shellScript = "diff \"${PODS_ROOT}/../Podfile.lock\" \"${PODS_ROOT}/Manifest.lock\" > /dev/null\nif [[ $? != 0 ]] ; then\n    cat << EOM\nerror: The sandbox is not in sync with the Podfile.lock. Run 'pod install' or update your CocoaPods installation.\nEOM\n    exit 1\nfi\n";
			showEnvVarsInLog = 0;
		};
/* End PBXShellScriptBuildPhase section */

/* Begin PBXSourcesBuildPhase section */
		CD84A4DA1769F25400266526 /* Sources */ = {
			isa = PBXSourcesBuildPhase;
			buildActionMask = 2147483647;
			files = (
				CD6E3CB919467E7C005067DE /* Tag.m in Sources */,
				CD6E3C6619466A2A005067DE /* NSStringUUID.m in Sources */,
				CD6E3CBB19467E7C005067DE /* GNAttachment.m in Sources */,
				CDB80F04195F86520087863A /* PQGAttachmentViewController.swift in Sources */,
				CD6E3CAA19466F68005067DE /* SQLRow.m in Sources */,
				CD73B2181948D34000C7D148 /* PQGCell.m in Sources */,
				CDA79559196092ED00D0D34B /* PQGPointAddTagsViewControllerTableViewController.swift in Sources */,
				CD6E3CA919466F68005067DE /* SQLDatabase.m in Sources */,
				CD84A4EE1769F25400266526 /* main.m in Sources */,
				CD6E3C6919466D30005067DE /* UIImageSizer.m in Sources */,
				CDAB6AB71947C27100DF47E5 /* PQGPointsNavigationController.swift in Sources */,
				CD6E3CAB19466F68005067DE /* SQLResult.m in Sources */,
				CD6E3CBE1947B37B005067DE /* PQGLocationHelper.swift in Sources */,
				CD6E3CB719467E7C005067DE /* PersistStore.m in Sources */,
				CD6BAC961973F80E008EBBAE /* PQGTagsTableViewController.swift in Sources */,
				CD6BAC931973F6B3008EBBAE /* PQGTagsViewController.swift in Sources */,
				CDAB6ABB1947C6BF00DF47E5 /* PQGPointsViewController.swift in Sources */,
				CD84A4F21769F25400266526 /* PQGAppDelegate.m in Sources */,
				CD6E3C6519466A2A005067DE /* NSDateJSON.m in Sources */,
				CD73B2111948D00600C7D148 /* PQGPointDetailViewController.swift in Sources */,
				CDF172FA1948D81C00CD351F /* PQGPointDetailHeader.m in Sources */,
				CD63E33719608528008C610E /* UIImageContentsOfFileURL.m in Sources */,
				CD6E3CBA19467E7C005067DE /* GNPoint.m in Sources */,
			);
			runOnlyForDeploymentPostprocessing = 0;
		};
		CD84A4FE1769F25400266526 /* Sources */ = {
			isa = PBXSourcesBuildPhase;
			buildActionMask = 2147483647;
			files = (
				CD3F275E19755570000091ED /* PQGDateJSONTests.swift in Sources */,
				CD3F275C19755536000091ED /* PQGImageSizerTests.swift in Sources */,
				CD60DC2D197012BE00E4E019 /* PQGPersistStoreTags.swift in Sources */,
				CD3F276019755583000091ED /* PQGStringUUIDTests.swift in Sources */,
				CD60DC2A19700D8B00E4E019 /* PQGPersistStore.m in Sources */,
			);
			runOnlyForDeploymentPostprocessing = 0;
		};
/* End PBXSourcesBuildPhase section */

/* Begin PBXTargetDependency section */
		CD84A5081769F25400266526 /* PBXTargetDependency */ = {
			isa = PBXTargetDependency;
			target = CD84A4DD1769F25400266526 /* GeoNoter */;
			targetProxy = CD84A5071769F25400266526 /* PBXContainerItemProxy */;
		};
/* End PBXTargetDependency section */

/* Begin PBXVariantGroup section */
		CD84A4EA1769F25400266526 /* InfoPlist.strings */ = {
			isa = PBXVariantGroup;
			children = (
				CD84A4EB1769F25400266526 /* en */,
			);
			name = InfoPlist.strings;
			sourceTree = "<group>";
		};
		CD84A4F31769F25400266526 /* Main.storyboard */ = {
			isa = PBXVariantGroup;
			children = (
				CD84A4F41769F25400266526 /* Base */,
			);
			name = Main.storyboard;
			sourceTree = "<group>";
		};
		CD84A50C1769F25400266526 /* InfoPlist.strings */ = {
			isa = PBXVariantGroup;
			children = (
				CD84A50D1769F25400266526 /* en */,
			);
			name = InfoPlist.strings;
			sourceTree = "<group>";
		};
/* End PBXVariantGroup section */

/* Begin XCBuildConfiguration section */
		CD84A5111769F25400266526 /* Debug */ = {
			isa = XCBuildConfiguration;
			buildSettings = {
				ALWAYS_SEARCH_USER_PATHS = NO;
				CLANG_CXX_LANGUAGE_STANDARD = "gnu++0x";
				CLANG_CXX_LIBRARY = "libc++";
				CLANG_ENABLE_MODULES = YES;
				CLANG_ENABLE_OBJC_ARC = YES;
				CLANG_WARN_BOOL_CONVERSION = YES;
				CLANG_WARN_CONSTANT_CONVERSION = YES;
				CLANG_WARN_DIRECT_OBJC_ISA_USAGE = YES_ERROR;
				CLANG_WARN_EMPTY_BODY = YES;
				CLANG_WARN_ENUM_CONVERSION = YES;
				CLANG_WARN_INT_CONVERSION = YES;
				CLANG_WARN_OBJC_ROOT_CLASS = YES_ERROR;
				CLANG_WARN__DUPLICATE_METHOD_MATCH = YES;
				"CODE_SIGN_IDENTITY[sdk=iphoneos*]" = "iPhone Developer";
				COPY_PHASE_STRIP = NO;
				GCC_C_LANGUAGE_STANDARD = gnu99;
				GCC_DYNAMIC_NO_PIC = NO;
				GCC_OPTIMIZATION_LEVEL = 0;
				GCC_PREPROCESSOR_DEFINITIONS = (
					"DEBUG=1",
					"$(inherited)",
				);
				GCC_SYMBOLS_PRIVATE_EXTERN = NO;
				GCC_WARN_ABOUT_RETURN_TYPE = YES_ERROR;
				GCC_WARN_UNDECLARED_SELECTOR = YES;
				GCC_WARN_UNINITIALIZED_AUTOS = YES;
				GCC_WARN_UNUSED_FUNCTION = YES;
				GCC_WARN_UNUSED_VARIABLE = YES;
				IPHONEOS_DEPLOYMENT_TARGET = 7.0;
				ONLY_ACTIVE_ARCH = YES;
				SDKROOT = iphoneos;
			};
			name = Debug;
		};
		CD84A5121769F25400266526 /* Release */ = {
			isa = XCBuildConfiguration;
			buildSettings = {
				ALWAYS_SEARCH_USER_PATHS = NO;
				CLANG_CXX_LANGUAGE_STANDARD = "gnu++0x";
				CLANG_CXX_LIBRARY = "libc++";
				CLANG_ENABLE_MODULES = YES;
				CLANG_ENABLE_OBJC_ARC = YES;
				CLANG_WARN_BOOL_CONVERSION = YES;
				CLANG_WARN_CONSTANT_CONVERSION = YES;
				CLANG_WARN_DIRECT_OBJC_ISA_USAGE = YES_ERROR;
				CLANG_WARN_EMPTY_BODY = YES;
				CLANG_WARN_ENUM_CONVERSION = YES;
				CLANG_WARN_INT_CONVERSION = YES;
				CLANG_WARN_OBJC_ROOT_CLASS = YES_ERROR;
				CLANG_WARN__DUPLICATE_METHOD_MATCH = YES;
				"CODE_SIGN_IDENTITY[sdk=iphoneos*]" = "iPhone Developer";
				COPY_PHASE_STRIP = YES;
				ENABLE_NS_ASSERTIONS = NO;
				GCC_C_LANGUAGE_STANDARD = gnu99;
				GCC_WARN_ABOUT_RETURN_TYPE = YES_ERROR;
				GCC_WARN_UNDECLARED_SELECTOR = YES;
				GCC_WARN_UNINITIALIZED_AUTOS = YES;
				GCC_WARN_UNUSED_FUNCTION = YES;
				GCC_WARN_UNUSED_VARIABLE = YES;
				IPHONEOS_DEPLOYMENT_TARGET = 7.0;
				SDKROOT = iphoneos;
				VALIDATE_PRODUCT = YES;
			};
			name = Release;
		};
		CD84A5141769F25400266526 /* Debug */ = {
			isa = XCBuildConfiguration;
			baseConfigurationReference = 58C6827265EE4DE0891CB7F1 /* Pods-GeoNoter.xcconfig */;
			buildSettings = {
				ASSETCATALOG_COMPILER_APPICON_NAME = AppIcon;
				ASSETCATALOG_COMPILER_LAUNCHIMAGE_NAME = LaunchImage;
				CLANG_ENABLE_MODULES = YES;
				DEFINES_MODULE = YES;
				GCC_PRECOMPILE_PREFIX_HEADER = YES;
				GCC_PREFIX_HEADER = "GeoNoter/GeoNoter-Prefix.pch";
				INFOPLIST_FILE = "GeoNoter/GeoNoter-Info.plist";
				IPHONEOS_DEPLOYMENT_TARGET = 8.0;
				LD_RUNPATH_SEARCH_PATHS = "$(inherited) @executable_path/Frameworks";
				PRODUCT_MODULE_NAME = GeoNoter;
				PRODUCT_NAME = "$(TARGET_NAME)";
				SWIFT_OBJC_BRIDGING_HEADER = "GeoNoter/GeoNoter-Bridging-Header.h";
				SWIFT_OPTIMIZATION_LEVEL = "-Onone";
				WRAPPER_EXTENSION = app;
			};
			name = Debug;
		};
		CD84A5151769F25400266526 /* Release */ = {
			isa = XCBuildConfiguration;
			baseConfigurationReference = 58C6827265EE4DE0891CB7F1 /* Pods-GeoNoter.xcconfig */;
			buildSettings = {
				ASSETCATALOG_COMPILER_APPICON_NAME = AppIcon;
				ASSETCATALOG_COMPILER_LAUNCHIMAGE_NAME = LaunchImage;
				CLANG_ENABLE_MODULES = YES;
				DEFINES_MODULE = YES;
				GCC_PRECOMPILE_PREFIX_HEADER = YES;
				GCC_PREFIX_HEADER = "GeoNoter/GeoNoter-Prefix.pch";
				INFOPLIST_FILE = "GeoNoter/GeoNoter-Info.plist";
				IPHONEOS_DEPLOYMENT_TARGET = 8.0;
				LD_RUNPATH_SEARCH_PATHS = "$(inherited) @executable_path/Frameworks";
				PRODUCT_MODULE_NAME = GeoNoter;
				PRODUCT_NAME = "$(TARGET_NAME)";
				SWIFT_OBJC_BRIDGING_HEADER = "GeoNoter/GeoNoter-Bridging-Header.h";
				WRAPPER_EXTENSION = app;
			};
			name = Release;
		};
		CD84A5171769F25400266526 /* Debug */ = {
			isa = XCBuildConfiguration;
			buildSettings = {
				BUNDLE_LOADER = "$(BUILT_PRODUCTS_DIR)/GeoNoter.app/GeoNoter";
				CLANG_ENABLE_MODULES = YES;
				FRAMEWORK_SEARCH_PATHS = (
					"$(SDKROOT)/Developer/Library/Frameworks",
					"$(inherited)",
					"$(SYSTEM_APPS_DIR)/Xcode5-DP.app/Contents/Developer/Library/Frameworks",
				);
				GCC_PRECOMPILE_PREFIX_HEADER = YES;
				GCC_PREFIX_HEADER = "GeoNoter/GeoNoter-Prefix.pch";
				GCC_PREPROCESSOR_DEFINITIONS = (
					"DEBUG=1",
					"$(inherited)",
				);
				INFOPLIST_FILE = "GeoNoterTests/GeoNoterTests-Info.plist";
				LD_RUNPATH_SEARCH_PATHS = "$(inherited) @executable_path/Frameworks @loader_path/Frameworks";
				PRODUCT_NAME = "$(TARGET_NAME)";
				SWIFT_OBJC_BRIDGING_HEADER = "GeoNoterTests/GeoNoterTests-Bridging-Header.h";
				SWIFT_OPTIMIZATION_LEVEL = "-Onone";
				TEST_HOST = "$(BUNDLE_LOADER)";
				WRAPPER_EXTENSION = xctest;
			};
			name = Debug;
		};
		CD84A5181769F25400266526 /* Release */ = {
			isa = XCBuildConfiguration;
			buildSettings = {
				BUNDLE_LOADER = "$(BUILT_PRODUCTS_DIR)/GeoNoter.app/GeoNoter";
				CLANG_ENABLE_MODULES = YES;
				FRAMEWORK_SEARCH_PATHS = (
					"$(SDKROOT)/Developer/Library/Frameworks",
					"$(inherited)",
					"$(SYSTEM_APPS_DIR)/Xcode5-DP.app/Contents/Developer/Library/Frameworks",
				);
				GCC_PRECOMPILE_PREFIX_HEADER = YES;
				GCC_PREFIX_HEADER = "GeoNoter/GeoNoter-Prefix.pch";
				INFOPLIST_FILE = "GeoNoterTests/GeoNoterTests-Info.plist";
				LD_RUNPATH_SEARCH_PATHS = "$(inherited) @executable_path/Frameworks @loader_path/Frameworks";
				PRODUCT_NAME = "$(TARGET_NAME)";
				SWIFT_OBJC_BRIDGING_HEADER = "GeoNoterTests/GeoNoterTests-Bridging-Header.h";
				TEST_HOST = "$(BUNDLE_LOADER)";
				WRAPPER_EXTENSION = xctest;
			};
			name = Release;
		};
/* End XCBuildConfiguration section */

/* Begin XCConfigurationList section */
		CD84A4D91769F25400266526 /* Build configuration list for PBXProject "GeoNoter" */ = {
			isa = XCConfigurationList;
			buildConfigurations = (
				CD84A5111769F25400266526 /* Debug */,
				CD84A5121769F25400266526 /* Release */,
			);
			defaultConfigurationIsVisible = 0;
			defaultConfigurationName = Release;
		};
		CD84A5131769F25400266526 /* Build configuration list for PBXNativeTarget "GeoNoter" */ = {
			isa = XCConfigurationList;
			buildConfigurations = (
				CD84A5141769F25400266526 /* Debug */,
				CD84A5151769F25400266526 /* Release */,
			);
			defaultConfigurationIsVisible = 0;
			defaultConfigurationName = Release;
		};
		CD84A5161769F25400266526 /* Build configuration list for PBXNativeTarget "GeoNoterTests" */ = {
			isa = XCConfigurationList;
			buildConfigurations = (
				CD84A5171769F25400266526 /* Debug */,
				CD84A5181769F25400266526 /* Release */,
			);
			defaultConfigurationIsVisible = 0;
			defaultConfigurationName = Release;
		};
/* End XCConfigurationList section */
	};
	rootObject = CD84A4D61769F25400266526 /* Project object */;
}
